<?xml version="1.0" encoding="utf-8"?>
<Project ToolsVersion="4.0" xmlns="http://schemas.microsoft.com/developer/msbuild/2003">
  <ItemGroup>
    <Filter Include="Source Files">
      <UniqueIdentifier>{4FC737F1-C7A5-4376-A066-2A32D752A2FF}</UniqueIdentifier>
      <Extensions>cpp;c;cc;cxx;def;odl;idl;hpj;bat;asm;asmx</Extensions>
    </Filter>
    <Filter Include="Header Files">
      <UniqueIdentifier>{93995380-89BD-4b04-88EB-625FBE52EBFB}</UniqueIdentifier>
      <Extensions>h;hh;hpp;hxx;hm;inl;inc;xsd</Extensions>
    </Filter>
    <Filter Include="Resource Files">
      <UniqueIdentifier>{67DA6AB6-F800-4c08-8B7A-83BB121AAD01}</UniqueIdentifier>
      <Extensions>rc;ico;cur;bmp;dlg;rc2;rct;bin;rgs;gif;jpg;jpeg;jpe;resx;tiff;tif;png;wav;mfcribbon-ms</Extensions>
    </Filter>
  </ItemGroup>
  <ItemGroup>
    <ClInclude Include="__vm\.arducopter.vsarduino.h">
      <Filter>Header Files</Filter>
    </ClInclude>
    <ClInclude Include="ArduCopter\Copter.h">
      <Filter>Header Files</Filter>
    </ClInclude>
    <ClInclude Include="ArduCopter\defines.h">
      <Filter>Header Files</Filter>
    </ClInclude>
    <ClInclude Include="ArduCopter\config.h">
      <Filter>Header Files</Filter>
    </ClInclude>
    <ClInclude Include="ArduCopter\APM_Config.h">
      <Filter>Header Files</Filter>
    </ClInclude>
    <ClInclude Include="ArduCopter\config_channels.h">
      <Filter>Header Files</Filter>
    </ClInclude>
    <ClInclude Include="ArduCopter\Parameters.h">
      <Filter>Header Files</Filter>
    </ClInclude>
    <ClInclude Include="ArduCopter\APM_Config_mavlink_hil.h">
      <Filter>Header Files</Filter>
    </ClInclude>
    <ClInclude Include="ArduCopter\UserVariables.h">
      <Filter>Header Files</Filter>
    </ClInclude>
    <ClInclude Include="libraries\AP_HAL_AVR\AnalogIn.h">
      <Filter>Header Files</Filter>
    </ClInclude>
    <ClInclude Include="libraries\AP_HAL_AVR\AP_HAL_AVR.h">
      <Filter>Header Files</Filter>
    </ClInclude>
    <ClInclude Include="libraries\AP_HAL_AVR\AP_HAL_AVR_Main.h">
      <Filter>Header Files</Filter>
    </ClInclude>
    <ClInclude Include="libraries\AP_HAL_AVR\AP_HAL_AVR_Namespace.h">
      <Filter>Header Files</Filter>
    </ClInclude>
    <ClInclude Include="libraries\AP_HAL_AVR\AP_HAL_AVR_private.h">
      <Filter>Header Files</Filter>
    </ClInclude>
    <ClInclude Include="libraries\AP_HAL_AVR\GPIO.h">
      <Filter>Header Files</Filter>
    </ClInclude>
    <ClInclude Include="libraries\AP_HAL_AVR\HAL_AVR_APM1_Class.h">
      <Filter>Header Files</Filter>
    </ClInclude>
    <ClInclude Include="libraries\AP_HAL_AVR\HAL_AVR_APM2_Class.h">
      <Filter>Header Files</Filter>
    </ClInclude>
    <ClInclude Include="libraries\AP_HAL_AVR\I2CDriver.h">
      <Filter>Header Files</Filter>
    </ClInclude>
    <ClInclude Include="libraries\AP_HAL_AVR\memcheck.h">
      <Filter>Header Files</Filter>
    </ClInclude>
    <ClInclude Include="libraries\AP_HAL_AVR\RCInput.h">
      <Filter>Header Files</Filter>
    </ClInclude>
    <ClInclude Include="libraries\AP_HAL_AVR\RCOutput.h">
      <Filter>Header Files</Filter>
    </ClInclude>
    <ClInclude Include="libraries\AP_HAL_AVR\Scheduler.h">
      <Filter>Header Files</Filter>
    </ClInclude>
    <ClInclude Include="libraries\AP_HAL_AVR\Semaphores.h">
      <Filter>Header Files</Filter>
    </ClInclude>
    <ClInclude Include="libraries\AP_HAL_AVR\SPIDevices.h">
      <Filter>Header Files</Filter>
    </ClInclude>
    <ClInclude Include="libraries\AP_HAL_AVR\SPIDriver.h">
      <Filter>Header Files</Filter>
    </ClInclude>
    <ClInclude Include="libraries\AP_HAL_AVR\Storage.h">
      <Filter>Header Files</Filter>
    </ClInclude>
    <ClInclude Include="libraries\AP_HAL_AVR\UARTDriver.h">
      <Filter>Header Files</Filter>
    </ClInclude>
    <ClInclude Include="libraries\AP_HAL_AVR\Util.h">
      <Filter>Header Files</Filter>
    </ClInclude>
    <ClInclude Include="libraries\AP_InertialNav\AP_InertialNav.h">
      <Filter>Header Files</Filter>
    </ClInclude>
    <ClInclude Include="libraries\AP_InertialNav\AP_InertialNav_NavEKF.h">
      <Filter>Header Files</Filter>
    </ClInclude>
    <ClInclude Include="libraries\StorageManager\StorageManager.h">
      <Filter>Header Files</Filter>
    </ClInclude>
    <ClInclude Include="libraries\AP_InertialSensor\AP_InertialSensor.h">
      <Filter>Header Files</Filter>
    </ClInclude>
    <ClInclude Include="libraries\AP_InertialSensor\AP_InertialSensor_Backend.h">
      <Filter>Header Files</Filter>
    </ClInclude>
    <ClInclude Include="libraries\AP_InertialSensor\AP_InertialSensor_Flymaple.h">
      <Filter>Header Files</Filter>
    </ClInclude>
    <ClInclude Include="libraries\AP_InertialSensor\AP_InertialSensor_HIL.h">
      <Filter>Header Files</Filter>
    </ClInclude>
    <ClInclude Include="libraries\AP_InertialSensor\AP_InertialSensor_L3G4200D.h">
      <Filter>Header Files</Filter>
    </ClInclude>
    <ClInclude Include="libraries\AP_InertialSensor\AP_InertialSensor_LSM9DS0.h">
      <Filter>Header Files</Filter>
    </ClInclude>
    <ClInclude Include="libraries\AP_InertialSensor\AP_InertialSensor_MPU6000.h">
      <Filter>Header Files</Filter>
    </ClInclude>
    <ClInclude Include="libraries\AP_InertialSensor\AP_InertialSensor_MPU9150.h">
      <Filter>Header Files</Filter>
    </ClInclude>
    <ClInclude Include="libraries\AP_InertialSensor\AP_InertialSensor_MPU9250.h">
      <Filter>Header Files</Filter>
    </ClInclude>
    <ClInclude Include="libraries\AP_InertialSensor\AP_InertialSensor_Oilpan.h">
      <Filter>Header Files</Filter>
    </ClInclude>
    <ClInclude Include="libraries\AP_InertialSensor\AP_InertialSensor_PX4.h">
      <Filter>Header Files</Filter>
    </ClInclude>
    <ClInclude Include="libraries\AP_InertialSensor\AP_InertialSensor_UserInteract.h">
      <Filter>Header Files</Filter>
    </ClInclude>
    <ClInclude Include="libraries\AP_InertialSensor\AP_InertialSensor_UserInteract_MAVLink.h">
      <Filter>Header Files</Filter>
    </ClInclude>
    <ClInclude Include="libraries\AP_InertialSensor\AP_InertialSensor_UserInteract_Stream.h">
      <Filter>Header Files</Filter>
    </ClInclude>
    <ClInclude Include="libraries\AP_Scheduler\AP_Scheduler.h">
      <Filter>Header Files</Filter>
    </ClInclude>
    <ClInclude Include="libraries\AC_WPNav\AC_Circle.h">
      <Filter>Header Files</Filter>
    </ClInclude>
    <ClInclude Include="libraries\AC_WPNav\AC_WPNav.h">
      <Filter>Header Files</Filter>
    </ClInclude>
    <ClInclude Include="libraries\AC_PID\AC_HELI_PID.h">
      <Filter>Header Files</Filter>
    </ClInclude>
    <ClInclude Include="libraries\AC_PID\AC_P.h">
      <Filter>Header Files</Filter>
    </ClInclude>
    <ClInclude Include="libraries\AC_PID\AC_PI_2D.h">
      <Filter>Header Files</Filter>
    </ClInclude>
    <ClInclude Include="libraries\AC_PID\AC_PID.h">
      <Filter>Header Files</Filter>
    </ClInclude>
    <ClInclude Include="libraries\AP_AHRS\AP_AHRS.h">
      <Filter>Header Files</Filter>
    </ClInclude>
    <ClInclude Include="libraries\AP_AHRS\AP_AHRS_DCM.h">
      <Filter>Header Files</Filter>
    </ClInclude>
    <ClInclude Include="libraries\AP_AHRS\AP_AHRS_NavEKF.h">
      <Filter>Header Files</Filter>
    </ClInclude>
    <ClInclude Include="libraries\AP_Notify\AP_BoardLED.h">
      <Filter>Header Files</Filter>
    </ClInclude>
    <ClInclude Include="libraries\AP_Notify\AP_Notify.h">
      <Filter>Header Files</Filter>
    </ClInclude>
    <ClInclude Include="libraries\AP_Notify\Buzzer.h">
      <Filter>Header Files</Filter>
    </ClInclude>
    <ClInclude Include="libraries\AP_Notify\ExternalLED.h">
      <Filter>Header Files</Filter>
    </ClInclude>
    <ClInclude Include="libraries\AP_Notify\NavioLED.h">
      <Filter>Header Files</Filter>
    </ClInclude>
    <ClInclude Include="libraries\AP_Notify\NavioLED_I2C.h">
      <Filter>Header Files</Filter>
    </ClInclude>
    <ClInclude Include="libraries\AP_Notify\NotifyDevice.h">
      <Filter>Header Files</Filter>
    </ClInclude>
    <ClInclude Include="libraries\AP_Notify\OreoLED_PX4.h">
      <Filter>Header Files</Filter>
    </ClInclude>
    <ClInclude Include="libraries\AP_Notify\RGBLed.h">
      <Filter>Header Files</Filter>
    </ClInclude>
    <ClInclude Include="libraries\AP_Notify\ToneAlarm_Linux.h">
      <Filter>Header Files</Filter>
    </ClInclude>
    <ClInclude Include="libraries\AP_Notify\ToneAlarm_PX4.h">
      <Filter>Header Files</Filter>
    </ClInclude>
    <ClInclude Include="libraries\AP_Notify\ToshibaLED.h">
      <Filter>Header Files</Filter>
    </ClInclude>
    <ClInclude Include="libraries\AP_Notify\ToshibaLED_I2C.h">
      <Filter>Header Files</Filter>
    </ClInclude>
    <ClInclude Include="libraries\AP_Notify\ToshibaLED_PX4.h">
      <Filter>Header Files</Filter>
    </ClInclude>
    <ClInclude Include="libraries\AP_Notify\VRBoard_LED.h">
      <Filter>Header Files</Filter>
    </ClInclude>
    <ClInclude Include="libraries\AP_Param\AP_Param.h">
      <Filter>Header Files</Filter>
    </ClInclude>
    <ClInclude Include="libraries\AP_Motors\AP_Motors.h">
      <Filter>Header Files</Filter>
    </ClInclude>
    <ClInclude Include="libraries\AP_Motors\AP_Motors_Class.h">
      <Filter>Header Files</Filter>
    </ClInclude>
    <ClInclude Include="libraries\AP_Motors\AP_MotorsCoax.h">
      <Filter>Header Files</Filter>
    </ClInclude>
    <ClInclude Include="libraries\AP_Motors\AP_MotorsHeli.h">
      <Filter>Header Files</Filter>
    </ClInclude>
    <ClInclude Include="libraries\AP_Motors\AP_MotorsHexa.h">
      <Filter>Header Files</Filter>
    </ClInclude>
    <ClInclude Include="libraries\AP_Motors\AP_MotorsMatrix.h">
      <Filter>Header Files</Filter>
    </ClInclude>
    <ClInclude Include="libraries\AP_Motors\AP_MotorsMulticopter.h">
      <Filter>Header Files</Filter>
    </ClInclude>
    <ClInclude Include="libraries\AP_Motors\AP_MotorsOcta.h">
      <Filter>Header Files</Filter>
    </ClInclude>
    <ClInclude Include="libraries\AP_Motors\AP_MotorsOctaQuad.h">
      <Filter>Header Files</Filter>
    </ClInclude>
    <ClInclude Include="libraries\AP_Motors\AP_MotorsQuad.h">
      <Filter>Header Files</Filter>
    </ClInclude>
    <ClInclude Include="libraries\AP_Motors\AP_MotorsSingle.h">
      <Filter>Header Files</Filter>
    </ClInclude>
    <ClInclude Include="libraries\AP_Motors\AP_MotorsTri.h">
      <Filter>Header Files</Filter>
    </ClInclude>
    <ClInclude Include="libraries\AP_Motors\AP_MotorsY6.h">
      <Filter>Header Files</Filter>
    </ClInclude>
    <ClInclude Include="libraries\AP_Baro\AP_Baro.h">
      <Filter>Header Files</Filter>
    </ClInclude>
    <ClInclude Include="libraries\AP_Baro\AP_Baro_Backend.h">
      <Filter>Header Files</Filter>
    </ClInclude>
    <ClInclude Include="libraries\AP_Baro\AP_Baro_BMP085.h">
      <Filter>Header Files</Filter>
    </ClInclude>
    <ClInclude Include="libraries\AP_Baro\AP_Baro_HIL.h">
      <Filter>Header Files</Filter>
    </ClInclude>
    <ClInclude Include="libraries\AP_Baro\AP_Baro_MS5611.h">
      <Filter>Header Files</Filter>
    </ClInclude>
    <ClInclude Include="libraries\AP_Baro\AP_Baro_PX4.h">
      <Filter>Header Files</Filter>
    </ClInclude>
    <ClInclude Include="libraries\AC_Fence\AC_Fence.h">
      <Filter>Header Files</Filter>
    </ClInclude>
    <ClInclude Include="libraries\AP_RCMapper\AP_RCMapper.h">
      <Filter>Header Files</Filter>
    </ClInclude>
    <ClInclude Include="libraries\AP_BattMonitor\AP_BattMonitor.h">
      <Filter>Header Files</Filter>
    </ClInclude>
    <ClInclude Include="libraries\AP_BattMonitor\AP_BattMonitor_Analog.h">
      <Filter>Header Files</Filter>
    </ClInclude>
    <ClInclude Include="libraries\AP_BattMonitor\AP_BattMonitor_Backend.h">
      <Filter>Header Files</Filter>
    </ClInclude>
    <ClInclude Include="libraries\AP_BattMonitor\AP_BattMonitor_Bebop.h">
      <Filter>Header Files</Filter>
    </ClInclude>
    <ClInclude Include="libraries\AP_BattMonitor\AP_BattMonitor_SMBus.h">
      <Filter>Header Files</Filter>
    </ClInclude>
    <ClInclude Include="libraries\AP_BattMonitor\AP_BattMonitor_SMBus_I2C.h">
      <Filter>Header Files</Filter>
    </ClInclude>
    <ClInclude Include="libraries\AP_BattMonitor\AP_BattMonitor_SMBus_PX4.h">
      <Filter>Header Files</Filter>
    </ClInclude>
    <ClInclude Include="libraries\AP_Common\AP_Common.h">
      <Filter>Header Files</Filter>
    </ClInclude>
    <ClInclude Include="libraries\AP_Common\AP_Test.h">
      <Filter>Header Files</Filter>
    </ClInclude>
    <ClInclude Include="libraries\AP_Common\Arduino.h">
      <Filter>Header Files</Filter>
    </ClInclude>
    <ClInclude Include="libraries\AP_Rally\AP_Rally.h">
      <Filter>Header Files</Filter>
    </ClInclude>
    <ClInclude Include="libraries\AP_Math\AP_Math.h">
      <Filter>Header Files</Filter>
    </ClInclude>
    <ClInclude Include="libraries\AP_Math\AP_Math_AVR_Compat.h">
      <Filter>Header Files</Filter>
    </ClInclude>
    <ClInclude Include="libraries\AP_Math\edc.h">
      <Filter>Header Files</Filter>
    </ClInclude>
    <ClInclude Include="libraries\AP_Math\matrix3.h">
      <Filter>Header Files</Filter>
    </ClInclude>
    <ClInclude Include="libraries\AP_Math\polygon.h">
      <Filter>Header Files</Filter>
    </ClInclude>
    <ClInclude Include="libraries\AP_Math\quaternion.h">
      <Filter>Header Files</Filter>
    </ClInclude>
    <ClInclude Include="libraries\AP_Math\rotations.h">
      <Filter>Header Files</Filter>
    </ClInclude>
    <ClInclude Include="libraries\AP_Math\vector2.h">
      <Filter>Header Files</Filter>
    </ClInclude>
    <ClInclude Include="libraries\AP_Math\vector3.h">
      <Filter>Header Files</Filter>
    </ClInclude>
    <ClInclude Include="libraries\AP_Math\vectorN.h">
      <Filter>Header Files</Filter>
    </ClInclude>
    <ClInclude Include="libraries\AP_HAL\AnalogIn.h">
      <Filter>Header Files</Filter>
    </ClInclude>
    <ClInclude Include="libraries\AP_HAL\AP_HAL.h">
      <Filter>Header Files</Filter>
    </ClInclude>
    <ClInclude Include="libraries\AP_HAL\AP_HAL_Boards.h">
      <Filter>Header Files</Filter>
    </ClInclude>
    <ClInclude Include="libraries\AP_HAL\AP_HAL_Macros.h">
      <Filter>Header Files</Filter>
    </ClInclude>
    <ClInclude Include="libraries\AP_HAL\AP_HAL_Namespace.h">
      <Filter>Header Files</Filter>
    </ClInclude>
    <ClInclude Include="libraries\AP_HAL\GPIO.h">
      <Filter>Header Files</Filter>
    </ClInclude>
    <ClInclude Include="libraries\AP_HAL\HAL.h">
      <Filter>Header Files</Filter>
    </ClInclude>
    <ClInclude Include="libraries\AP_HAL\I2CDriver.h">
      <Filter>Header Files</Filter>
    </ClInclude>
    <ClInclude Include="libraries\AP_HAL\RCInput.h">
      <Filter>Header Files</Filter>
    </ClInclude>
    <ClInclude Include="libraries\AP_HAL\RCOutput.h">
      <Filter>Header Files</Filter>
    </ClInclude>
    <ClInclude Include="libraries\AP_HAL\Scheduler.h">
      <Filter>Header Files</Filter>
    </ClInclude>
    <ClInclude Include="libraries\AP_HAL\Semaphores.h">
      <Filter>Header Files</Filter>
    </ClInclude>
    <ClInclude Include="libraries\AP_HAL\SPIDriver.h">
      <Filter>Header Files</Filter>
    </ClInclude>
    <ClInclude Include="libraries\AP_HAL\Storage.h">
      <Filter>Header Files</Filter>
    </ClInclude>
    <ClInclude Include="libraries\AP_HAL\UARTDriver.h">
      <Filter>Header Files</Filter>
    </ClInclude>
    <ClInclude Include="libraries\AP_HAL\Util.h">
      <Filter>Header Files</Filter>
    </ClInclude>
    <ClInclude Include="libraries\AP_GPS\AP_GPS.h">
      <Filter>Header Files</Filter>
    </ClInclude>
    <ClInclude Include="libraries\AP_GPS\AP_GPS_MTK.h">
      <Filter>Header Files</Filter>
    </ClInclude>
    <ClInclude Include="libraries\AP_GPS\AP_GPS_MTK_Common.h">
      <Filter>Header Files</Filter>
    </ClInclude>
    <ClInclude Include="libraries\AP_GPS\AP_GPS_MTK19.h">
      <Filter>Header Files</Filter>
    </ClInclude>
    <ClInclude Include="libraries\AP_GPS\AP_GPS_NMEA.h">
      <Filter>Header Files</Filter>
    </ClInclude>
    <ClInclude Include="libraries\AP_GPS\AP_GPS_PX4.h">
      <Filter>Header Files</Filter>
    </ClInclude>
    <ClInclude Include="libraries\AP_GPS\AP_GPS_SBP.h">
      <Filter>Header Files</Filter>
    </ClInclude>
    <ClInclude Include="libraries\AP_GPS\AP_GPS_SIRF.h">
      <Filter>Header Files</Filter>
    </ClInclude>
    <ClInclude Include="libraries\AP_GPS\AP_GPS_UBLOX.h">
      <Filter>Header Files</Filter>
    </ClInclude>
    <ClInclude Include="libraries\AP_GPS\GPS_Backend.h">
      <Filter>Header Files</Filter>
    </ClInclude>
    <ClInclude Include="libraries\AP_GPS\GPS_detect_state.h">
      <Filter>Header Files</Filter>
    </ClInclude>
    <ClInclude Include="libraries\AP_RangeFinder\AP_RangeFinder.h">
      <Filter>Header Files</Filter>
    </ClInclude>
    <ClInclude Include="libraries\AP_RangeFinder\AP_RangeFinder_analog.h">
      <Filter>Header Files</Filter>
    </ClInclude>
    <ClInclude Include="libraries\AP_RangeFinder\AP_RangeFinder_BBB_PRU.h">
      <Filter>Header Files</Filter>
    </ClInclude>
    <ClInclude Include="libraries\AP_RangeFinder\AP_RangeFinder_MaxsonarI2CXL.h">
      <Filter>Header Files</Filter>
    </ClInclude>
    <ClInclude Include="libraries\AP_RangeFinder\AP_RangeFinder_PulsedLightLRF.h">
      <Filter>Header Files</Filter>
    </ClInclude>
    <ClInclude Include="libraries\AP_RangeFinder\AP_RangeFinder_PX4.h">
      <Filter>Header Files</Filter>
    </ClInclude>
    <ClInclude Include="libraries\AP_RangeFinder\AP_RangeFinder_PX4_PWM.h">
      <Filter>Header Files</Filter>
    </ClInclude>
    <ClInclude Include="libraries\AP_RangeFinder\RangeFinder.h">
      <Filter>Header Files</Filter>
    </ClInclude>
    <ClInclude Include="libraries\AP_RangeFinder\RangeFinder_Backend.h">
      <Filter>Header Files</Filter>
    </ClInclude>
    <ClInclude Include="libraries\AC_Sprayer\AC_Sprayer.h">
      <Filter>Header Files</Filter>
    </ClInclude>
    <ClInclude Include="libraries\AP_ADC\AP_ADC.h">
      <Filter>Header Files</Filter>
    </ClInclude>
    <ClInclude Include="libraries\AP_ADC\AP_ADC_ADS1115.h">
      <Filter>Header Files</Filter>
    </ClInclude>
    <ClInclude Include="libraries\AP_ADC\AP_ADC_ADS7844.h">
      <Filter>Header Files</Filter>
    </ClInclude>
    <ClInclude Include="libraries\AP_ADC_AnalogSource\AP_ADC_AnalogSource.h">
      <Filter>Header Files</Filter>
    </ClInclude>
    <ClInclude Include="libraries\AP_Airspeed\AP_Airspeed.h">
      <Filter>Header Files</Filter>
    </ClInclude>
    <ClInclude Include="libraries\AP_Airspeed\AP_Airspeed_analog.h">
      <Filter>Header Files</Filter>
    </ClInclude>
    <ClInclude Include="libraries\AP_Airspeed\AP_Airspeed_Backend.h">
      <Filter>Header Files</Filter>
    </ClInclude>
    <ClInclude Include="libraries\AP_Airspeed\AP_Airspeed_I2C.h">
      <Filter>Header Files</Filter>
    </ClInclude>
    <ClInclude Include="libraries\AP_Airspeed\AP_Airspeed_I2C_PX4.h">
      <Filter>Header Files</Filter>
    </ClInclude>
    <ClInclude Include="libraries\AP_Airspeed\AP_Airspeed_PX4.h">
      <Filter>Header Files</Filter>
    </ClInclude>
    <ClInclude Include="libraries\AP_BoardConfig\AP_BoardConfig.h">
      <Filter>Header Files</Filter>
    </ClInclude>
    <ClInclude Include="libraries\AP_Buffer\AP_Buffer.h">
      <Filter>Header Files</Filter>
    </ClInclude>
    <ClInclude Include="libraries\AP_Camera\AP_Camera.h">
      <Filter>Header Files</Filter>
    </ClInclude>
    <ClInclude Include="libraries\AP_Compass\AP_Compass.h">
      <Filter>Header Files</Filter>
    </ClInclude>
    <ClInclude Include="libraries\AP_Compass\AP_Compass_AK8963.h">
      <Filter>Header Files</Filter>
    </ClInclude>
    <ClInclude Include="libraries\AP_Compass\AP_Compass_Backend.h">
      <Filter>Header Files</Filter>
    </ClInclude>
    <ClInclude Include="libraries\AP_Compass\AP_Compass_HIL.h">
      <Filter>Header Files</Filter>
    </ClInclude>
    <ClInclude Include="libraries\AP_Compass\AP_Compass_HMC5843.h">
      <Filter>Header Files</Filter>
    </ClInclude>
    <ClInclude Include="libraries\AP_Compass\AP_Compass_PX4.h">
      <Filter>Header Files</Filter>
    </ClInclude>
    <ClInclude Include="libraries\AP_Compass\Compass.h">
      <Filter>Header Files</Filter>
    </ClInclude>
    <ClInclude Include="libraries\AP_Curve\AP_Curve.h">
      <Filter>Header Files</Filter>
    </ClInclude>
    <ClInclude Include="libraries\AP_Declination\AP_Declination.h">
      <Filter>Header Files</Filter>
    </ClInclude>
    <ClInclude Include="libraries\AP_EPM\AP_EPM.h">
      <Filter>Header Files</Filter>
    </ClInclude>
    <ClInclude Include="libraries\AP_Frsky_Telem\AP_Frsky_Telem.h">
      <Filter>Header Files</Filter>
    </ClInclude>
    <ClInclude Include="libraries\AP_LandingGear\AP_LandingGear.h">
      <Filter>Header Files</Filter>
    </ClInclude>
    <ClInclude Include="libraries\AP_Menu\AP_Menu.h">
      <Filter>Header Files</Filter>
    </ClInclude>
    <ClInclude Include="libraries\AP_Mission\AP_Mission.h">
      <Filter>Header Files</Filter>
    </ClInclude>
    <ClInclude Include="libraries\AP_Mount\AP_Mount.h">
      <Filter>Header Files</Filter>
    </ClInclude>
    <ClInclude Include="libraries\AP_NavEKF\AP_NavEKF.h">
      <Filter>Header Files</Filter>
    </ClInclude>
    <ClInclude Include="libraries\AP_NavEKF\AP_Nav_Common.h">
      <Filter>Header Files</Filter>
    </ClInclude>
    <ClInclude Include="libraries\AP_NavEKF\AP_SmallEKF.h">
      <Filter>Header Files</Filter>
    </ClInclude>
    <ClInclude Include="libraries\AP_OpticalFlow\AP_OpticalFlow.h">
      <Filter>Header Files</Filter>
    </ClInclude>
    <ClInclude Include="libraries\AP_OpticalFlow\AP_OpticalFlow_HIL.h">
      <Filter>Header Files</Filter>
    </ClInclude>
    <ClInclude Include="libraries\AP_OpticalFlow\AP_OpticalFlow_Linux.h">
      <Filter>Header Files</Filter>
    </ClInclude>
    <ClInclude Include="libraries\AP_OpticalFlow\AP_OpticalFlow_PX4.h">
      <Filter>Header Files</Filter>
    </ClInclude>
    <ClInclude Include="libraries\AP_OpticalFlow\OpticalFlow.h">
      <Filter>Header Files</Filter>
    </ClInclude>
    <ClInclude Include="libraries\AP_OpticalFlow\OpticalFlow_backend.h">
      <Filter>Header Files</Filter>
    </ClInclude>
    <ClInclude Include="libraries\AP_Parachute\AP_Parachute.h">
      <Filter>Header Files</Filter>
    </ClInclude>
    <ClInclude Include="libraries\AP_Progmem\AP_Progmem.h">
      <Filter>Header Files</Filter>
    </ClInclude>
    <ClInclude Include="libraries\AP_Progmem\AP_Progmem_AVR.h">
      <Filter>Header Files</Filter>
    </ClInclude>
    <ClInclude Include="libraries\AP_Progmem\AP_Progmem_Identity.h">
      <Filter>Header Files</Filter>
    </ClInclude>
    <ClInclude Include="libraries\AP_Relay\AP_Relay.h">
      <Filter>Header Files</Filter>
    </ClInclude>
    <ClInclude Include="libraries\AP_RPM\AP_RPM.h">
      <Filter>Header Files</Filter>
    </ClInclude>
    <ClInclude Include="libraries\AP_RPM\RPM_Backend.h">
      <Filter>Header Files</Filter>
    </ClInclude>
    <ClInclude Include="libraries\AP_RPM\RPM_PX4_PWM.h">
      <Filter>Header Files</Filter>
    </ClInclude>
    <ClInclude Include="libraries\AP_SerialManager\AP_SerialManager.h">
      <Filter>Header Files</Filter>
    </ClInclude>
    <ClInclude Include="libraries\AP_ServoRelayEvents\AP_ServoRelayEvents.h">
      <Filter>Header Files</Filter>
    </ClInclude>
    <ClInclude Include="libraries\AP_Terrain\AP_Terrain.h">
      <Filter>Header Files</Filter>
    </ClInclude>
    <ClInclude Include="libraries\AP_Vehicle\AP_Vehicle.h">
      <Filter>Header Files</Filter>
    </ClInclude>
    <ClInclude Include="libraries\AP_Vehicle\AP_Vehicle_Type.h">
      <Filter>Header Files</Filter>
    </ClInclude>
    <ClInclude Include="libraries\DataFlash\DataFlash.h">
      <Filter>Header Files</Filter>
    </ClInclude>
    <ClInclude Include="libraries\DataFlash\DataFlash_APM1.h">
      <Filter>Header Files</Filter>
    </ClInclude>
    <ClInclude Include="libraries\DataFlash\DataFlash_APM2.h">
      <Filter>Header Files</Filter>
    </ClInclude>
    <ClInclude Include="libraries\DataFlash\DataFlash_Backend.h">
      <Filter>Header Files</Filter>
    </ClInclude>
    <ClInclude Include="libraries\DataFlash\DataFlash_Block.h">
      <Filter>Header Files</Filter>
    </ClInclude>
    <ClInclude Include="libraries\DataFlash\DataFlash_Empty.h">
      <Filter>Header Files</Filter>
    </ClInclude>
    <ClInclude Include="libraries\DataFlash\DataFlash_File.h">
      <Filter>Header Files</Filter>
    </ClInclude>
    <ClInclude Include="libraries\DataFlash\DataFlash_SITL.h">
      <Filter>Header Files</Filter>
    </ClInclude>
    <ClInclude Include="libraries\Filter\AverageFilter.h">
      <Filter>Header Files</Filter>
    </ClInclude>
    <ClInclude Include="libraries\Filter\Butter.h">
      <Filter>Header Files</Filter>
    </ClInclude>
    <ClInclude Include="libraries\Filter\DerivativeFilter.h">
      <Filter>Header Files</Filter>
    </ClInclude>
    <ClInclude Include="libraries\Filter\Filter.h">
      <Filter>Header Files</Filter>
    </ClInclude>
    <ClInclude Include="libraries\Filter\FilterClass.h">
      <Filter>Header Files</Filter>
    </ClInclude>
    <ClInclude Include="libraries\Filter\FilterWithBuffer.h">
      <Filter>Header Files</Filter>
    </ClInclude>
    <ClInclude Include="libraries\Filter\LowPassFilter.h">
      <Filter>Header Files</Filter>
    </ClInclude>
    <ClInclude Include="libraries\Filter\LowPassFilter2p.h">
      <Filter>Header Files</Filter>
    </ClInclude>
    <ClInclude Include="libraries\Filter\ModeFilter.h">
      <Filter>Header Files</Filter>
    </ClInclude>
    <ClInclude Include="libraries\GCS_MAVLink\GCS.h">
      <Filter>Header Files</Filter>
    </ClInclude>
    <ClInclude Include="libraries\GCS_MAVLink\GCS_MAVLink.h">
      <Filter>Header Files</Filter>
    </ClInclude>
    <ClInclude Include="libraries\GCS_MAVLink\MAVLink_routing.h">
      <Filter>Header Files</Filter>
    </ClInclude>
    <ClInclude Include="libraries\RC_Channel\RC_Channel.h">
      <Filter>Header Files</Filter>
    </ClInclude>
    <ClInclude Include="libraries\RC_Channel\RC_Channel_aux.h">
      <Filter>Header Files</Filter>
    </ClInclude>
    <ClInclude Include="libraries\SITL\SIM_Aircraft.h">
      <Filter>Header Files</Filter>
    </ClInclude>
    <ClInclude Include="libraries\SITL\SIM_Balloon.h">
      <Filter>Header Files</Filter>
    </ClInclude>
    <ClInclude Include="libraries\SITL\SIM_CRRCSim.h">
      <Filter>Header Files</Filter>
    </ClInclude>
    <ClInclude Include="libraries\SITL\SIM_Gazebo.h">
      <Filter>Header Files</Filter>
    </ClInclude>
    <ClInclude Include="libraries\SITL\SIM_Gimbal.h">
      <Filter>Header Files</Filter>
    </ClInclude>
    <ClInclude Include="libraries\SITL\SIM_Helicopter.h">
      <Filter>Header Files</Filter>
    </ClInclude>
    <ClInclude Include="libraries\SITL\SIM_JSBSim.h">
      <Filter>Header Files</Filter>
    </ClInclude>
    <ClInclude Include="libraries\SITL\SIM_last_letter.h">
      <Filter>Header Files</Filter>
    </ClInclude>
    <ClInclude Include="libraries\SITL\SIM_Multicopter.h">
      <Filter>Header Files</Filter>
    </ClInclude>
    <ClInclude Include="libraries\SITL\SIM_Rover.h">
      <Filter>Header Files</Filter>
    </ClInclude>
    <ClInclude Include="libraries\SITL\SIM_Tracker.h">
      <Filter>Header Files</Filter>
    </ClInclude>
    <ClInclude Include="libraries\SITL\SITL.h">
      <Filter>Header Files</Filter>
    </ClInclude>
    <ClInclude Include="libraries\AC_AttitudeControl\AC_AttitudeControl.h">
      <Filter>Header Files</Filter>
    </ClInclude>
    <ClInclude Include="libraries\AC_AttitudeControl\AC_AttitudeControl_Heli.h">
      <Filter>Header Files</Filter>
    </ClInclude>
    <ClInclude Include="libraries\AC_AttitudeControl\AC_AttitudeControl_Multi.h">
      <Filter>Header Files</Filter>
    </ClInclude>
    <ClInclude Include="libraries\AC_AttitudeControl\AC_PosControl.h">
      <Filter>Header Files</Filter>
    </ClInclude>
    <ClInclude Include="libraries\AP_HAL_FLYMAPLE\AnalogIn.h">
      <Filter>Header Files</Filter>
    </ClInclude>
    <ClInclude Include="libraries\AP_HAL_FLYMAPLE\AP_HAL_FLYMAPLE.h">
      <Filter>Header Files</Filter>
    </ClInclude>
    <ClInclude Include="libraries\AP_HAL_FLYMAPLE\AP_HAL_FLYMAPLE_Main.h">
      <Filter>Header Files</Filter>
    </ClInclude>
    <ClInclude Include="libraries\AP_HAL_FLYMAPLE\AP_HAL_FLYMAPLE_Namespace.h">
      <Filter>Header Files</Filter>
    </ClInclude>
    <ClInclude Include="libraries\AP_HAL_FLYMAPLE\AP_HAL_FLYMAPLE_Private.h">
      <Filter>Header Files</Filter>
    </ClInclude>
    <ClInclude Include="libraries\AP_HAL_FLYMAPLE\FlymapleWirish.h">
      <Filter>Header Files</Filter>
    </ClInclude>
    <ClInclude Include="libraries\AP_HAL_FLYMAPLE\GPIO.h">
      <Filter>Header Files</Filter>
    </ClInclude>
    <ClInclude Include="libraries\AP_HAL_FLYMAPLE\HAL_FLYMAPLE_Class.h">
      <Filter>Header Files</Filter>
    </ClInclude>
    <ClInclude Include="libraries\AP_HAL_FLYMAPLE\I2CDriver.h">
      <Filter>Header Files</Filter>
    </ClInclude>
    <ClInclude Include="libraries\AP_HAL_FLYMAPLE\RCInput.h">
      <Filter>Header Files</Filter>
    </ClInclude>
    <ClInclude Include="libraries\AP_HAL_FLYMAPLE\RCOutput.h">
      <Filter>Header Files</Filter>
    </ClInclude>
    <ClInclude Include="libraries\AP_HAL_FLYMAPLE\Scheduler.h">
      <Filter>Header Files</Filter>
    </ClInclude>
    <ClInclude Include="libraries\AP_HAL_FLYMAPLE\Semaphores.h">
      <Filter>Header Files</Filter>
    </ClInclude>
    <ClInclude Include="libraries\AP_HAL_FLYMAPLE\SPIDriver.h">
      <Filter>Header Files</Filter>
    </ClInclude>
    <ClInclude Include="libraries\AP_HAL_FLYMAPLE\Storage.h">
      <Filter>Header Files</Filter>
    </ClInclude>
    <ClInclude Include="libraries\AP_HAL_FLYMAPLE\UARTDriver.h">
      <Filter>Header Files</Filter>
    </ClInclude>
    <ClInclude Include="libraries\AP_HAL_FLYMAPLE\Util.h">
      <Filter>Header Files</Filter>
    </ClInclude>
    <ClInclude Include="libraries\AP_HAL_Linux\AnalogIn.h">
      <Filter>Header Files</Filter>
    </ClInclude>
    <ClInclude Include="libraries\AP_HAL_Linux\AnalogIn_Navio.h">
      <Filter>Header Files</Filter>
    </ClInclude>
    <ClInclude Include="libraries\AP_HAL_Linux\AP_HAL_Linux.h">
      <Filter>Header Files</Filter>
    </ClInclude>
    <ClInclude Include="libraries\AP_HAL_Linux\AP_HAL_Linux_Main.h">
      <Filter>Header Files</Filter>
    </ClInclude>
    <ClInclude Include="libraries\AP_HAL_Linux\AP_HAL_Linux_Namespace.h">
      <Filter>Header Files</Filter>
    </ClInclude>
    <ClInclude Include="libraries\AP_HAL_Linux\AP_HAL_Linux_Private.h">
      <Filter>Header Files</Filter>
    </ClInclude>
    <ClInclude Include="libraries\AP_HAL_Linux\ConsoleDevice.h">
      <Filter>Header Files</Filter>
    </ClInclude>
    <ClInclude Include="libraries\AP_HAL_Linux\dsm.h">
      <Filter>Header Files</Filter>
    </ClInclude>
    <ClInclude Include="libraries\AP_HAL_Linux\GPIO.h">
      <Filter>Header Files</Filter>
    </ClInclude>
    <ClInclude Include="libraries\AP_HAL_Linux\GPIO_BBB.h">
      <Filter>Header Files</Filter>
    </ClInclude>
    <ClInclude Include="libraries\AP_HAL_Linux\GPIO_RPI.h">
      <Filter>Header Files</Filter>
    </ClInclude>
    <ClInclude Include="libraries\AP_HAL_Linux\HAL_Linux_Class.h">
      <Filter>Header Files</Filter>
    </ClInclude>
    <ClInclude Include="libraries\AP_HAL_Linux\I2CDriver.h">
      <Filter>Header Files</Filter>
    </ClInclude>
    <ClInclude Include="libraries\AP_HAL_Linux\RCInput.h">
      <Filter>Header Files</Filter>
    </ClInclude>
    <ClInclude Include="libraries\AP_HAL_Linux\RCInput_AioPRU.h">
      <Filter>Header Files</Filter>
    </ClInclude>
    <ClInclude Include="libraries\AP_HAL_Linux\RCInput_Navio.h">
      <Filter>Header Files</Filter>
    </ClInclude>
    <ClInclude Include="libraries\AP_HAL_Linux\RCInput_PRU.h">
      <Filter>Header Files</Filter>
    </ClInclude>
    <ClInclude Include="libraries\AP_HAL_Linux\RCInput_ZYNQ.h">
      <Filter>Header Files</Filter>
    </ClInclude>
    <ClInclude Include="libraries\AP_HAL_Linux\RCOutput_AioPRU.h">
      <Filter>Header Files</Filter>
    </ClInclude>
    <ClInclude Include="libraries\AP_HAL_Linux\RCOutput_Bebop.h">
      <Filter>Header Files</Filter>
    </ClInclude>
    <ClInclude Include="libraries\AP_HAL_Linux\RCOutput_Navio.h">
      <Filter>Header Files</Filter>
    </ClInclude>
    <ClInclude Include="libraries\AP_HAL_Linux\RCOutput_PRU.h">
      <Filter>Header Files</Filter>
    </ClInclude>
    <ClInclude Include="libraries\AP_HAL_Linux\RCOutput_ZYNQ.h">
      <Filter>Header Files</Filter>
    </ClInclude>
    <ClInclude Include="libraries\AP_HAL_Linux\sbus.h">
      <Filter>Header Files</Filter>
    </ClInclude>
    <ClInclude Include="libraries\AP_HAL_Linux\Scheduler.h">
      <Filter>Header Files</Filter>
    </ClInclude>
    <ClInclude Include="libraries\AP_HAL_Linux\Semaphores.h">
      <Filter>Header Files</Filter>
    </ClInclude>
    <ClInclude Include="libraries\AP_HAL_Linux\SerialDevice.h">
      <Filter>Header Files</Filter>
    </ClInclude>
    <ClInclude Include="libraries\AP_HAL_Linux\SPIDriver.h">
      <Filter>Header Files</Filter>
    </ClInclude>
    <ClInclude Include="libraries\AP_HAL_Linux\SPIUARTDriver.h">
      <Filter>Header Files</Filter>
    </ClInclude>
    <ClInclude Include="libraries\AP_HAL_Linux\Storage.h">
      <Filter>Header Files</Filter>
    </ClInclude>
    <ClInclude Include="libraries\AP_HAL_Linux\Storage_FRAM.h">
      <Filter>Header Files</Filter>
    </ClInclude>
    <ClInclude Include="libraries\AP_HAL_Linux\TCPServerDevice.h">
      <Filter>Header Files</Filter>
    </ClInclude>
    <ClInclude Include="libraries\AP_HAL_Linux\ToneAlarmDriver.h">
      <Filter>Header Files</Filter>
    </ClInclude>
    <ClInclude Include="libraries\AP_HAL_Linux\UARTDevice.h">
      <Filter>Header Files</Filter>
    </ClInclude>
    <ClInclude Include="libraries\AP_HAL_Linux\UARTDriver.h">
      <Filter>Header Files</Filter>
    </ClInclude>
    <ClInclude Include="libraries\AP_HAL_Linux\UDPDevice.h">
      <Filter>Header Files</Filter>
    </ClInclude>
    <ClInclude Include="libraries\AP_HAL_Linux\Util.h">
      <Filter>Header Files</Filter>
    </ClInclude>
    <ClInclude Include="libraries\AP_HAL_PX4\AnalogIn.h">
      <Filter>Header Files</Filter>
    </ClInclude>
    <ClInclude Include="libraries\AP_HAL_PX4\AP_HAL_PX4.h">
      <Filter>Header Files</Filter>
    </ClInclude>
    <ClInclude Include="libraries\AP_HAL_PX4\AP_HAL_PX4_Main.h">
      <Filter>Header Files</Filter>
    </ClInclude>
    <ClInclude Include="libraries\AP_HAL_PX4\AP_HAL_PX4_Namespace.h">
      <Filter>Header Files</Filter>
    </ClInclude>
    <ClInclude Include="libraries\AP_HAL_PX4\GPIO.h">
      <Filter>Header Files</Filter>
    </ClInclude>
    <ClInclude Include="libraries\AP_HAL_PX4\HAL_PX4_Class.h">
      <Filter>Header Files</Filter>
    </ClInclude>
    <ClInclude Include="libraries\AP_HAL_PX4\RCInput.h">
      <Filter>Header Files</Filter>
    </ClInclude>
    <ClInclude Include="libraries\AP_HAL_PX4\RCOutput.h">
      <Filter>Header Files</Filter>
    </ClInclude>
    <ClInclude Include="libraries\AP_HAL_PX4\Scheduler.h">
      <Filter>Header Files</Filter>
    </ClInclude>
    <ClInclude Include="libraries\AP_HAL_PX4\Storage.h">
      <Filter>Header Files</Filter>
    </ClInclude>
    <ClInclude Include="libraries\AP_HAL_PX4\UARTDriver.h">
      <Filter>Header Files</Filter>
    </ClInclude>
    <ClInclude Include="libraries\AP_HAL_PX4\Util.h">
      <Filter>Header Files</Filter>
    </ClInclude>
    <ClInclude Include="libraries\AP_HAL_SITL\AnalogIn.h">
      <Filter>Header Files</Filter>
    </ClInclude>
    <ClInclude Include="libraries\AP_HAL_SITL\AP_HAL_SITL.h">
      <Filter>Header Files</Filter>
    </ClInclude>
    <ClInclude Include="libraries\AP_HAL_SITL\AP_HAL_SITL_Main.h">
      <Filter>Header Files</Filter>
    </ClInclude>
    <ClInclude Include="libraries\AP_HAL_SITL\AP_HAL_SITL_Namespace.h">
      <Filter>Header Files</Filter>
    </ClInclude>
    <ClInclude Include="libraries\AP_HAL_SITL\AP_HAL_SITL_Private.h">
      <Filter>Header Files</Filter>
    </ClInclude>
    <ClInclude Include="libraries\AP_HAL_SITL\fenv_polyfill.h">
      <Filter>Header Files</Filter>
    </ClInclude>
    <ClInclude Include="libraries\AP_HAL_SITL\HAL_SITL_Class.h">
      <Filter>Header Files</Filter>
    </ClInclude>
    <ClInclude Include="libraries\AP_HAL_SITL\RCInput.h">
      <Filter>Header Files</Filter>
    </ClInclude>
    <ClInclude Include="libraries\AP_HAL_SITL\RCOutput.h">
      <Filter>Header Files</Filter>
    </ClInclude>
    <ClInclude Include="libraries\AP_HAL_SITL\Scheduler.h">
      <Filter>Header Files</Filter>
    </ClInclude>
    <ClInclude Include="libraries\AP_HAL_SITL\SITL_State.h">
      <Filter>Header Files</Filter>
    </ClInclude>
    <ClInclude Include="libraries\AP_HAL_SITL\Storage.h">
      <Filter>Header Files</Filter>
    </ClInclude>
    <ClInclude Include="libraries\AP_HAL_SITL\UARTDriver.h">
      <Filter>Header Files</Filter>
    </ClInclude>
    <ClInclude Include="libraries\AP_HAL_SITL\Util.h">
      <Filter>Header Files</Filter>
    </ClInclude>
    <ClInclude Include="libraries\AP_HAL_VRBRAIN\AnalogIn.h">
      <Filter>Header Files</Filter>
    </ClInclude>
    <ClInclude Include="libraries\AP_HAL_VRBRAIN\AP_HAL_VRBRAIN.h">
      <Filter>Header Files</Filter>
    </ClInclude>
    <ClInclude Include="libraries\AP_HAL_VRBRAIN\AP_HAL_VRBRAIN_Main.h">
      <Filter>Header Files</Filter>
    </ClInclude>
    <ClInclude Include="libraries\AP_HAL_VRBRAIN\AP_HAL_VRBRAIN_Namespace.h">
      <Filter>Header Files</Filter>
    </ClInclude>
    <ClInclude Include="libraries\AP_HAL_VRBRAIN\GPIO.h">
      <Filter>Header Files</Filter>
    </ClInclude>
    <ClInclude Include="libraries\AP_HAL_VRBRAIN\HAL_VRBRAIN_Class.h">
      <Filter>Header Files</Filter>
    </ClInclude>
    <ClInclude Include="libraries\AP_HAL_VRBRAIN\RCInput.h">
      <Filter>Header Files</Filter>
    </ClInclude>
    <ClInclude Include="libraries\AP_HAL_VRBRAIN\RCOutput.h">
      <Filter>Header Files</Filter>
    </ClInclude>
    <ClInclude Include="libraries\AP_HAL_VRBRAIN\Scheduler.h">
      <Filter>Header Files</Filter>
    </ClInclude>
    <ClInclude Include="libraries\AP_HAL_VRBRAIN\Storage.h">
      <Filter>Header Files</Filter>
    </ClInclude>
    <ClInclude Include="libraries\AP_HAL_VRBRAIN\UARTDriver.h">
      <Filter>Header Files</Filter>
    </ClInclude>
    <ClInclude Include="libraries\AP_HAL_VRBRAIN\Util.h">
      <Filter>Header Files</Filter>
    </ClInclude>
    <ClInclude Include="libraries\AP_HAL_Empty\AnalogIn.h">
      <Filter>Header Files</Filter>
    </ClInclude>
    <ClInclude Include="libraries\AP_HAL_Empty\AP_HAL_Empty.h">
      <Filter>Header Files</Filter>
    </ClInclude>
    <ClInclude Include="libraries\AP_HAL_Empty\AP_HAL_Empty_Main.h">
      <Filter>Header Files</Filter>
    </ClInclude>
    <ClInclude Include="libraries\AP_HAL_Empty\AP_HAL_Empty_Namespace.h">
      <Filter>Header Files</Filter>
    </ClInclude>
    <ClInclude Include="libraries\AP_HAL_Empty\AP_HAL_Empty_Private.h">
      <Filter>Header Files</Filter>
    </ClInclude>
    <ClInclude Include="libraries\AP_HAL_Empty\GPIO.h">
      <Filter>Header Files</Filter>
    </ClInclude>
    <ClInclude Include="libraries\AP_HAL_Empty\HAL_Empty_Class.h">
      <Filter>Header Files</Filter>
    </ClInclude>
    <ClInclude Include="libraries\AP_HAL_Empty\I2CDriver.h">
      <Filter>Header Files</Filter>
    </ClInclude>
    <ClInclude Include="libraries\AP_HAL_Empty\PrivateMember.h">
      <Filter>Header Files</Filter>
    </ClInclude>
    <ClInclude Include="libraries\AP_HAL_Empty\RCInput.h">
      <Filter>Header Files</Filter>
    </ClInclude>
    <ClInclude Include="libraries\AP_HAL_Empty\RCOutput.h">
      <Filter>Header Files</Filter>
    </ClInclude>
    <ClInclude Include="libraries\AP_HAL_Empty\Scheduler.h">
      <Filter>Header Files</Filter>
    </ClInclude>
    <ClInclude Include="libraries\AP_HAL_Empty\Semaphores.h">
      <Filter>Header Files</Filter>
    </ClInclude>
    <ClInclude Include="libraries\AP_HAL_Empty\SPIDriver.h">
      <Filter>Header Files</Filter>
    </ClInclude>
    <ClInclude Include="libraries\AP_HAL_Empty\Storage.h">
      <Filter>Header Files</Filter>
    </ClInclude>
    <ClInclude Include="libraries\AP_HAL_Empty\UARTDriver.h">
      <Filter>Header Files</Filter>
    </ClInclude>
    <ClInclude Include="libraries\AP_HAL_Empty\Util.h">
      <Filter>Header Files</Filter>
    </ClInclude>
    <ClInclude Include="libraries\AP_Mount\AP_Gimbal.h">
      <Filter>Header Files</Filter>
    </ClInclude>
    <ClInclude Include="libraries\AP_Mount\AP_Mount_Alexmos.h">
      <Filter>Header Files</Filter>
    </ClInclude>
    <ClInclude Include="libraries\AP_Mount\AP_Mount_Backend.h">
      <Filter>Header Files</Filter>
    </ClInclude>
    <ClInclude Include="libraries\AP_Mount\AP_Mount_MAVLink.h">
      <Filter>Header Files</Filter>
    </ClInclude>
    <ClInclude Include="libraries\AP_Mount\AP_Mount_Servo.h">
      <Filter>Header Files</Filter>
    </ClInclude>
    <ClInclude Include="libraries\AP_Mount\AP_Mount_SToRM32.h">
      <Filter>Header Files</Filter>
    </ClInclude>
    <ClInclude Include="libraries\AP_Mount\AP_Mount_SToRM32_serial.h">
      <Filter>Header Files</Filter>
    </ClInclude>
    <ClInclude Include="libraries\stdio.h">
      <Filter>Header Files</Filter>
    </ClInclude>
  </ItemGroup>
  <ItemGroup>
    <None Include="ArduCopter\make.inc">
      <Filter>Header Files</Filter>
    </None>
    <None Include="ArduCopter\Makefile" />
    <None Include="ArduCopter\nocore.inoflag" />
    <None Include="ArduCopter\Parameters.pde" />
    <None Include="libraries\GCS_MAVLink\generate.sh" />
    <None Include="ArduCopter\ArduCopter.pde" />
  </ItemGroup>
  <ItemGroup>
    <ClCompile Include="ArduCopter\Copter.cpp">
      <Filter>Source Files</Filter>
    </ClCompile>
    <ClCompile Include="ArduCopter\AP_State.cpp">
      <Filter>Source Files</Filter>
    </ClCompile>
    <ClCompile Include="ArduCopter\Attitude.cpp">
      <Filter>Source Files</Filter>
    </ClCompile>
    <ClCompile Include="ArduCopter\capabilities.cpp">
      <Filter>Source Files</Filter>
    </ClCompile>
    <ClCompile Include="ArduCopter\commands.cpp">
      <Filter>Source Files</Filter>
    </ClCompile>
    <ClCompile Include="ArduCopter\commands_logic.cpp">
      <Filter>Source Files</Filter>
    </ClCompile>
    <ClCompile Include="ArduCopter\compassmot.cpp">
      <Filter>Source Files</Filter>
    </ClCompile>
    <ClCompile Include="ArduCopter\compat.cpp">
      <Filter>Source Files</Filter>
    </ClCompile>
    <ClCompile Include="ArduCopter\control_acro.cpp">
      <Filter>Source Files</Filter>
    </ClCompile>
    <ClCompile Include="ArduCopter\control_althold.cpp">
      <Filter>Source Files</Filter>
    </ClCompile>
    <ClCompile Include="ArduCopter\control_auto.cpp">
      <Filter>Source Files</Filter>
    </ClCompile>
    <ClCompile Include="ArduCopter\control_autotune.cpp">
      <Filter>Source Files</Filter>
    </ClCompile>
    <ClCompile Include="ArduCopter\control_brake.cpp">
      <Filter>Source Files</Filter>
    </ClCompile>
    <ClCompile Include="ArduCopter\control_circle.cpp">
      <Filter>Source Files</Filter>
    </ClCompile>
    <ClCompile Include="ArduCopter\control_drift.cpp">
      <Filter>Source Files</Filter>
    </ClCompile>
    <ClCompile Include="ArduCopter\control_flip.cpp">
      <Filter>Source Files</Filter>
    </ClCompile>
    <ClCompile Include="ArduCopter\control_guided.cpp">
      <Filter>Source Files</Filter>
    </ClCompile>
    <ClCompile Include="ArduCopter\control_land.cpp">
      <Filter>Source Files</Filter>
    </ClCompile>
    <ClCompile Include="ArduCopter\control_loiter.cpp">
      <Filter>Source Files</Filter>
    </ClCompile>
    <ClCompile Include="ArduCopter\control_poshold.cpp">
      <Filter>Source Files</Filter>
    </ClCompile>
    <ClCompile Include="ArduCopter\control_rtl.cpp">
      <Filter>Source Files</Filter>
    </ClCompile>
    <ClCompile Include="ArduCopter\control_sport.cpp">
      <Filter>Source Files</Filter>
    </ClCompile>
    <ClCompile Include="ArduCopter\control_stabilize.cpp">
      <Filter>Source Files</Filter>
    </ClCompile>
    <ClCompile Include="ArduCopter\crash_check.cpp">
      <Filter>Source Files</Filter>
    </ClCompile>
    <ClCompile Include="ArduCopter\ekf_check.cpp">
      <Filter>Source Files</Filter>
    </ClCompile>
    <ClCompile Include="ArduCopter\esc_calibration.cpp">
      <Filter>Source Files</Filter>
    </ClCompile>
    <ClCompile Include="ArduCopter\events.cpp">
      <Filter>Source Files</Filter>
    </ClCompile>
    <ClCompile Include="ArduCopter\failsafe.cpp">
      <Filter>Source Files</Filter>
    </ClCompile>
    <ClCompile Include="ArduCopter\fence.cpp">
      <Filter>Source Files</Filter>
    </ClCompile>
    <ClCompile Include="ArduCopter\flight_mode.cpp">
      <Filter>Source Files</Filter>
    </ClCompile>
    <ClCompile Include="ArduCopter\GCS_Mavlink.cpp">
      <Filter>Source Files</Filter>
    </ClCompile>
    <ClCompile Include="ArduCopter\heli.cpp">
      <Filter>Source Files</Filter>
    </ClCompile>
    <ClCompile Include="ArduCopter\heli_control_acro.cpp">
      <Filter>Source Files</Filter>
    </ClCompile>
    <ClCompile Include="ArduCopter\heli_control_stabilize.cpp">
      <Filter>Source Files</Filter>
    </ClCompile>
    <ClCompile Include="ArduCopter\inertia.cpp">
      <Filter>Source Files</Filter>
    </ClCompile>
    <ClCompile Include="ArduCopter\land_detector.cpp">
      <Filter>Source Files</Filter>
    </ClCompile>
    <ClCompile Include="ArduCopter\landing_gear.cpp">
      <Filter>Source Files</Filter>
    </ClCompile>
    <ClCompile Include="ArduCopter\leds.cpp">
      <Filter>Source Files</Filter>
    </ClCompile>
    <ClCompile Include="ArduCopter\Log.cpp">
      <Filter>Source Files</Filter>
    </ClCompile>
    <ClCompile Include="ArduCopter\motor_test.cpp">
      <Filter>Source Files</Filter>
    </ClCompile>
    <ClCompile Include="ArduCopter\motors.cpp">
      <Filter>Source Files</Filter>
    </ClCompile>
    <ClCompile Include="ArduCopter\navigation.cpp">
      <Filter>Source Files</Filter>
    </ClCompile>
    <ClCompile Include="ArduCopter\Parameters.cpp">
      <Filter>Source Files</Filter>
    </ClCompile>
    <ClCompile Include="ArduCopter\perf_info.cpp">
      <Filter>Source Files</Filter>
    </ClCompile>
    <ClCompile Include="ArduCopter\position_vector.cpp">
      <Filter>Source Files</Filter>
    </ClCompile>
    <ClCompile Include="ArduCopter\radio.cpp">
      <Filter>Source Files</Filter>
    </ClCompile>
    <ClCompile Include="ArduCopter\sensors.cpp">
      <Filter>Source Files</Filter>
    </ClCompile>
    <ClCompile Include="ArduCopter\setup.cpp">
      <Filter>Source Files</Filter>
    </ClCompile>
    <ClCompile Include="ArduCopter\switches.cpp">
      <Filter>Source Files</Filter>
    </ClCompile>
    <ClCompile Include="ArduCopter\system.cpp">
      <Filter>Source Files</Filter>
    </ClCompile>
    <ClCompile Include="ArduCopter\takeoff.cpp">
      <Filter>Source Files</Filter>
    </ClCompile>
    <ClCompile Include="ArduCopter\test.cpp">
      <Filter>Source Files</Filter>
    </ClCompile>
    <ClCompile Include="ArduCopter\tuning.cpp">
      <Filter>Source Files</Filter>
    </ClCompile>
    <ClCompile Include="ArduCopter\UserCode.cpp">
      <Filter>Source Files</Filter>
    </ClCompile>
    <ClCompile Include="libraries\AP_HAL_AVR\AnalogIn_ADC.cpp">
      <Filter>Source Files</Filter>
    </ClCompile>
    <ClCompile Include="libraries\AP_HAL_AVR\AnalogIn_Common.cpp">
      <Filter>Source Files</Filter>
    </ClCompile>
    <ClCompile Include="libraries\AP_HAL_AVR\GPIO.cpp">
      <Filter>Source Files</Filter>
    </ClCompile>
    <ClCompile Include="libraries\AP_HAL_AVR\HAL_AVR_APM1_Class.cpp">
      <Filter>Source Files</Filter>
    </ClCompile>
    <ClCompile Include="libraries\AP_HAL_AVR\HAL_AVR_APM2_Class.cpp">
      <Filter>Source Files</Filter>
    </ClCompile>
    <ClCompile Include="libraries\AP_HAL_AVR\I2CDriver.cpp">
      <Filter>Source Files</Filter>
    </ClCompile>
    <ClCompile Include="libraries\AP_HAL_AVR\memcheck.cpp">
      <Filter>Source Files</Filter>
    </ClCompile>
    <ClCompile Include="libraries\AP_HAL_AVR\RCInput_APM1.cpp">
      <Filter>Source Files</Filter>
    </ClCompile>
    <ClCompile Include="libraries\AP_HAL_AVR\RCInput_APM2.cpp">
      <Filter>Source Files</Filter>
    </ClCompile>
    <ClCompile Include="libraries\AP_HAL_AVR\RCOutput_APM1.cpp">
      <Filter>Source Files</Filter>
    </ClCompile>
    <ClCompile Include="libraries\AP_HAL_AVR\RCOutput_APM2.cpp">
      <Filter>Source Files</Filter>
    </ClCompile>
    <ClCompile Include="libraries\AP_HAL_AVR\Scheduler.cpp">
      <Filter>Source Files</Filter>
    </ClCompile>
    <ClCompile Include="libraries\AP_HAL_AVR\Scheduler_Timer.cpp">
      <Filter>Source Files</Filter>
    </ClCompile>
    <ClCompile Include="libraries\AP_HAL_AVR\Semaphores.cpp">
      <Filter>Source Files</Filter>
    </ClCompile>
    <ClCompile Include="libraries\AP_HAL_AVR\SPIDevice_SPI0.cpp">
      <Filter>Source Files</Filter>
    </ClCompile>
    <ClCompile Include="libraries\AP_HAL_AVR\SPIDevice_SPI2.cpp">
      <Filter>Source Files</Filter>
    </ClCompile>
    <ClCompile Include="libraries\AP_HAL_AVR\SPIDevice_SPI3.cpp">
      <Filter>Source Files</Filter>
    </ClCompile>
    <ClCompile Include="libraries\AP_HAL_AVR\SPIDeviceManager_APM1.cpp">
      <Filter>Source Files</Filter>
    </ClCompile>
    <ClCompile Include="libraries\AP_HAL_AVR\SPIDeviceManager_APM2.cpp">
      <Filter>Source Files</Filter>
    </ClCompile>
    <ClCompile Include="libraries\AP_HAL_AVR\Storage.cpp">
      <Filter>Source Files</Filter>
    </ClCompile>
    <ClCompile Include="libraries\AP_HAL_AVR\UARTDriver.cpp">
      <Filter>Source Files</Filter>
    </ClCompile>
    <ClCompile Include="libraries\AP_InertialNav\AP_InertialNav_NavEKF.cpp">
      <Filter>Source Files</Filter>
    </ClCompile>
    <ClCompile Include="libraries\StorageManager\StorageManager.cpp">
      <Filter>Source Files</Filter>
    </ClCompile>
    <ClCompile Include="libraries\AP_InertialSensor\AP_InertialSensor.cpp">
      <Filter>Source Files</Filter>
    </ClCompile>
    <ClCompile Include="libraries\AP_InertialSensor\AP_InertialSensor_Backend.cpp">
      <Filter>Source Files</Filter>
    </ClCompile>
    <ClCompile Include="libraries\AP_InertialSensor\AP_InertialSensor_Flymaple.cpp">
      <Filter>Source Files</Filter>
    </ClCompile>
    <ClCompile Include="libraries\AP_InertialSensor\AP_InertialSensor_HIL.cpp">
      <Filter>Source Files</Filter>
    </ClCompile>
    <ClCompile Include="libraries\AP_InertialSensor\AP_InertialSensor_L3G4200D.cpp">
      <Filter>Source Files</Filter>
    </ClCompile>
    <ClCompile Include="libraries\AP_InertialSensor\AP_InertialSensor_LSM9DS0.cpp">
      <Filter>Source Files</Filter>
    </ClCompile>
    <ClCompile Include="libraries\AP_InertialSensor\AP_InertialSensor_MPU6000.cpp">
      <Filter>Source Files</Filter>
    </ClCompile>
    <ClCompile Include="libraries\AP_InertialSensor\AP_InertialSensor_MPU9150.cpp">
      <Filter>Source Files</Filter>
    </ClCompile>
    <ClCompile Include="libraries\AP_InertialSensor\AP_InertialSensor_MPU9250.cpp">
      <Filter>Source Files</Filter>
    </ClCompile>
    <ClCompile Include="libraries\AP_InertialSensor\AP_InertialSensor_Oilpan.cpp">
      <Filter>Source Files</Filter>
    </ClCompile>
    <ClCompile Include="libraries\AP_InertialSensor\AP_InertialSensor_PX4.cpp">
      <Filter>Source Files</Filter>
    </ClCompile>
    <ClCompile Include="libraries\AP_InertialSensor\AP_InertialSensor_UserInteract_MAVLink.cpp">
      <Filter>Source Files</Filter>
    </ClCompile>
    <ClCompile Include="libraries\AP_InertialSensor\AP_InertialSensor_UserInteract_Stream.cpp">
      <Filter>Source Files</Filter>
    </ClCompile>
    <ClCompile Include="libraries\AP_Scheduler\AP_Scheduler.cpp">
      <Filter>Source Files</Filter>
    </ClCompile>
    <ClCompile Include="libraries\AC_WPNav\AC_Circle.cpp">
      <Filter>Source Files</Filter>
    </ClCompile>
    <ClCompile Include="libraries\AC_WPNav\AC_WPNav.cpp">
      <Filter>Source Files</Filter>
    </ClCompile>
    <ClCompile Include="libraries\AC_PID\AC_HELI_PID.cpp">
      <Filter>Source Files</Filter>
    </ClCompile>
    <ClCompile Include="libraries\AC_PID\AC_P.cpp">
      <Filter>Source Files</Filter>
    </ClCompile>
    <ClCompile Include="libraries\AC_PID\AC_PI_2D.cpp">
      <Filter>Source Files</Filter>
    </ClCompile>
    <ClCompile Include="libraries\AC_PID\AC_PID.cpp">
      <Filter>Source Files</Filter>
    </ClCompile>
    <ClCompile Include="libraries\AP_AHRS\AP_AHRS.cpp">
      <Filter>Source Files</Filter>
    </ClCompile>
    <ClCompile Include="libraries\AP_AHRS\AP_AHRS_DCM.cpp">
      <Filter>Source Files</Filter>
    </ClCompile>
    <ClCompile Include="libraries\AP_AHRS\AP_AHRS_NavEKF.cpp">
      <Filter>Source Files</Filter>
    </ClCompile>
    <ClCompile Include="libraries\AP_Notify\AP_BoardLED.cpp">
      <Filter>Source Files</Filter>
    </ClCompile>
    <ClCompile Include="libraries\AP_Notify\AP_Notify.cpp">
      <Filter>Source Files</Filter>
    </ClCompile>
    <ClCompile Include="libraries\AP_Notify\Buzzer.cpp">
      <Filter>Source Files</Filter>
    </ClCompile>
    <ClCompile Include="libraries\AP_Notify\ExternalLED.cpp">
      <Filter>Source Files</Filter>
    </ClCompile>
    <ClCompile Include="libraries\AP_Notify\NavioLED.cpp">
      <Filter>Source Files</Filter>
    </ClCompile>
    <ClCompile Include="libraries\AP_Notify\NavioLED_I2C.cpp">
      <Filter>Source Files</Filter>
    </ClCompile>
    <ClCompile Include="libraries\AP_Notify\OreoLED_PX4.cpp">
      <Filter>Source Files</Filter>
    </ClCompile>
    <ClCompile Include="libraries\AP_Notify\RGBLed.cpp">
      <Filter>Source Files</Filter>
    </ClCompile>
    <ClCompile Include="libraries\AP_Notify\ToneAlarm_Linux.cpp">
      <Filter>Source Files</Filter>
    </ClCompile>
    <ClCompile Include="libraries\AP_Notify\ToneAlarm_PX4.cpp">
      <Filter>Source Files</Filter>
    </ClCompile>
    <ClCompile Include="libraries\AP_Notify\ToshibaLED.cpp">
      <Filter>Source Files</Filter>
    </ClCompile>
    <ClCompile Include="libraries\AP_Notify\ToshibaLED_I2C.cpp">
      <Filter>Source Files</Filter>
    </ClCompile>
    <ClCompile Include="libraries\AP_Notify\ToshibaLED_PX4.cpp">
      <Filter>Source Files</Filter>
    </ClCompile>
    <ClCompile Include="libraries\AP_Notify\VRBoard_LED.cpp">
      <Filter>Source Files</Filter>
    </ClCompile>
    <ClCompile Include="libraries\AP_Param\AP_Param.cpp">
      <Filter>Source Files</Filter>
    </ClCompile>
    <ClCompile Include="libraries\AP_Motors\AP_Motors_Class.cpp">
      <Filter>Source Files</Filter>
    </ClCompile>
    <ClCompile Include="libraries\AP_Motors\AP_MotorsCoax.cpp">
      <Filter>Source Files</Filter>
    </ClCompile>
    <ClCompile Include="libraries\AP_Motors\AP_MotorsHeli.cpp">
      <Filter>Source Files</Filter>
    </ClCompile>
    <ClCompile Include="libraries\AP_Motors\AP_MotorsHexa.cpp">
      <Filter>Source Files</Filter>
    </ClCompile>
    <ClCompile Include="libraries\AP_Motors\AP_MotorsMatrix.cpp">
      <Filter>Source Files</Filter>
    </ClCompile>
    <ClCompile Include="libraries\AP_Motors\AP_MotorsMulticopter.cpp">
      <Filter>Source Files</Filter>
    </ClCompile>
    <ClCompile Include="libraries\AP_Motors\AP_MotorsOcta.cpp">
      <Filter>Source Files</Filter>
    </ClCompile>
    <ClCompile Include="libraries\AP_Motors\AP_MotorsOctaQuad.cpp">
      <Filter>Source Files</Filter>
    </ClCompile>
    <ClCompile Include="libraries\AP_Motors\AP_MotorsQuad.cpp">
      <Filter>Source Files</Filter>
    </ClCompile>
    <ClCompile Include="libraries\AP_Motors\AP_MotorsSingle.cpp">
      <Filter>Source Files</Filter>
    </ClCompile>
    <ClCompile Include="libraries\AP_Motors\AP_MotorsTri.cpp">
      <Filter>Source Files</Filter>
    </ClCompile>
    <ClCompile Include="libraries\AP_Motors\AP_MotorsY6.cpp">
      <Filter>Source Files</Filter>
    </ClCompile>
    <ClCompile Include="libraries\AP_Baro\AP_Baro.cpp">
      <Filter>Source Files</Filter>
    </ClCompile>
    <ClCompile Include="libraries\AP_Baro\AP_Baro_Backend.cpp">
      <Filter>Source Files</Filter>
    </ClCompile>
    <ClCompile Include="libraries\AP_Baro\AP_Baro_BMP085.cpp">
      <Filter>Source Files</Filter>
    </ClCompile>
    <ClCompile Include="libraries\AP_Baro\AP_Baro_HIL.cpp">
      <Filter>Source Files</Filter>
    </ClCompile>
    <ClCompile Include="libraries\AP_Baro\AP_Baro_MS5611.cpp">
      <Filter>Source Files</Filter>
    </ClCompile>
    <ClCompile Include="libraries\AP_Baro\AP_Baro_PX4.cpp">
      <Filter>Source Files</Filter>
    </ClCompile>
    <ClCompile Include="libraries\AC_Fence\AC_Fence.cpp">
      <Filter>Source Files</Filter>
    </ClCompile>
    <ClCompile Include="libraries\AP_RCMapper\AP_RCMapper.cpp">
      <Filter>Source Files</Filter>
    </ClCompile>
    <ClCompile Include="libraries\AP_BattMonitor\AP_BattMonitor.cpp">
      <Filter>Source Files</Filter>
    </ClCompile>
    <ClCompile Include="libraries\AP_BattMonitor\AP_BattMonitor_Analog.cpp">
      <Filter>Source Files</Filter>
    </ClCompile>
    <ClCompile Include="libraries\AP_BattMonitor\AP_BattMonitor_Backend.cpp">
      <Filter>Source Files</Filter>
    </ClCompile>
    <ClCompile Include="libraries\AP_BattMonitor\AP_BattMonitor_Bebop.cpp">
      <Filter>Source Files</Filter>
    </ClCompile>
    <ClCompile Include="libraries\AP_BattMonitor\AP_BattMonitor_SMBus_I2C.cpp">
      <Filter>Source Files</Filter>
    </ClCompile>
    <ClCompile Include="libraries\AP_BattMonitor\AP_BattMonitor_SMBus_PX4.cpp">
      <Filter>Source Files</Filter>
    </ClCompile>
    <ClCompile Include="libraries\AP_Common\AP_Common.cpp">
      <Filter>Source Files</Filter>
    </ClCompile>
    <ClCompile Include="libraries\AP_Common\c++.cpp">
      <Filter>Source Files</Filter>
    </ClCompile>
    <ClCompile Include="libraries\AP_Rally\AP_Rally.cpp">
      <Filter>Source Files</Filter>
    </ClCompile>
    <ClCompile Include="libraries\AP_Math\AP_Math.cpp">
      <Filter>Source Files</Filter>
    </ClCompile>
    <ClCompile Include="libraries\AP_Math\edc.cpp">
      <Filter>Source Files</Filter>
    </ClCompile>
    <ClCompile Include="libraries\AP_Math\location.cpp">
      <Filter>Source Files</Filter>
    </ClCompile>
    <ClCompile Include="libraries\AP_Math\matrix3.cpp">
      <Filter>Source Files</Filter>
    </ClCompile>
    <ClCompile Include="libraries\AP_Math\polygon.cpp">
      <Filter>Source Files</Filter>
    </ClCompile>
    <ClCompile Include="libraries\AP_Math\quaternion.cpp">
      <Filter>Source Files</Filter>
    </ClCompile>
    <ClCompile Include="libraries\AP_Math\vector2.cpp">
      <Filter>Source Files</Filter>
    </ClCompile>
    <ClCompile Include="libraries\AP_Math\vector3.cpp">
      <Filter>Source Files</Filter>
    </ClCompile>
    <ClCompile Include="libraries\AP_HAL\UARTDriver.cpp">
      <Filter>Source Files</Filter>
    </ClCompile>
    <ClCompile Include="libraries\AP_HAL\Util.cpp">
      <Filter>Source Files</Filter>
    </ClCompile>
    <ClCompile Include="libraries\AP_GPS\AP_GPS.cpp">
      <Filter>Source Files</Filter>
    </ClCompile>
    <ClCompile Include="libraries\AP_GPS\AP_GPS_MTK.cpp">
      <Filter>Source Files</Filter>
    </ClCompile>
    <ClCompile Include="libraries\AP_GPS\AP_GPS_MTK19.cpp">
      <Filter>Source Files</Filter>
    </ClCompile>
    <ClCompile Include="libraries\AP_GPS\AP_GPS_NMEA.cpp">
      <Filter>Source Files</Filter>
    </ClCompile>
    <ClCompile Include="libraries\AP_GPS\AP_GPS_PX4.cpp">
      <Filter>Source Files</Filter>
    </ClCompile>
    <ClCompile Include="libraries\AP_GPS\AP_GPS_SBP.cpp">
      <Filter>Source Files</Filter>
    </ClCompile>
    <ClCompile Include="libraries\AP_GPS\AP_GPS_SIRF.cpp">
      <Filter>Source Files</Filter>
    </ClCompile>
    <ClCompile Include="libraries\AP_GPS\AP_GPS_UBLOX.cpp">
      <Filter>Source Files</Filter>
    </ClCompile>
    <ClCompile Include="libraries\AP_GPS\GPS_Backend.cpp">
      <Filter>Source Files</Filter>
    </ClCompile>
    <ClCompile Include="libraries\AP_RangeFinder\AP_RangeFinder_analog.cpp">
      <Filter>Source Files</Filter>
    </ClCompile>
    <ClCompile Include="libraries\AP_RangeFinder\AP_RangeFinder_BBB_PRU.cpp">
      <Filter>Source Files</Filter>
    </ClCompile>
    <ClCompile Include="libraries\AP_RangeFinder\AP_RangeFinder_MaxsonarI2CXL.cpp">
      <Filter>Source Files</Filter>
    </ClCompile>
    <ClCompile Include="libraries\AP_RangeFinder\AP_RangeFinder_PulsedLightLRF.cpp">
      <Filter>Source Files</Filter>
    </ClCompile>
    <ClCompile Include="libraries\AP_RangeFinder\AP_RangeFinder_PX4.cpp">
      <Filter>Source Files</Filter>
    </ClCompile>
    <ClCompile Include="libraries\AP_RangeFinder\AP_RangeFinder_PX4_PWM.cpp">
      <Filter>Source Files</Filter>
    </ClCompile>
    <ClCompile Include="libraries\AP_RangeFinder\RangeFinder.cpp">
      <Filter>Source Files</Filter>
    </ClCompile>
    <ClCompile Include="libraries\AP_RangeFinder\RangeFinder_Backend.cpp">
      <Filter>Source Files</Filter>
    </ClCompile>
    <ClCompile Include="libraries\AC_Sprayer\AC_Sprayer.cpp">
      <Filter>Source Files</Filter>
    </ClCompile>
    <ClCompile Include="libraries\AP_ADC\AP_ADC.cpp">
      <Filter>Source Files</Filter>
    </ClCompile>
    <ClCompile Include="libraries\AP_ADC\AP_ADC_ADS1115.cpp">
      <Filter>Source Files</Filter>
    </ClCompile>
    <ClCompile Include="libraries\AP_ADC\AP_ADC_ADS7844.cpp">
      <Filter>Source Files</Filter>
    </ClCompile>
    <ClCompile Include="libraries\AP_ADC_AnalogSource\AP_ADC_AnalogSource.cpp">
      <Filter>Source Files</Filter>
    </ClCompile>
    <ClCompile Include="libraries\AP_Airspeed\Airspeed_Calibration.cpp">
      <Filter>Source Files</Filter>
    </ClCompile>
    <ClCompile Include="libraries\AP_Airspeed\AP_Airspeed.cpp">
      <Filter>Source Files</Filter>
    </ClCompile>
    <ClCompile Include="libraries\AP_Airspeed\AP_Airspeed_analog.cpp">
      <Filter>Source Files</Filter>
    </ClCompile>
    <ClCompile Include="libraries\AP_Airspeed\AP_Airspeed_I2C.cpp">
      <Filter>Source Files</Filter>
    </ClCompile>
    <ClCompile Include="libraries\AP_Airspeed\AP_Airspeed_PX4.cpp">
      <Filter>Source Files</Filter>
    </ClCompile>
    <ClCompile Include="libraries\AP_BoardConfig\AP_BoardConfig.cpp">
      <Filter>Source Files</Filter>
    </ClCompile>
    <ClCompile Include="libraries\AP_Camera\AP_Camera.cpp">
      <Filter>Source Files</Filter>
    </ClCompile>
    <ClCompile Include="libraries\AP_Compass\AP_Compass_AK8963.cpp">
      <Filter>Source Files</Filter>
    </ClCompile>
    <ClCompile Include="libraries\AP_Compass\AP_Compass_Backend.cpp">
      <Filter>Source Files</Filter>
    </ClCompile>
    <ClCompile Include="libraries\AP_Compass\AP_Compass_HIL.cpp">
      <Filter>Source Files</Filter>
    </ClCompile>
    <ClCompile Include="libraries\AP_Compass\AP_Compass_HMC5843.cpp">
      <Filter>Source Files</Filter>
    </ClCompile>
    <ClCompile Include="libraries\AP_Compass\AP_Compass_PX4.cpp">
      <Filter>Source Files</Filter>
    </ClCompile>
    <ClCompile Include="libraries\AP_Compass\Compass.cpp">
      <Filter>Source Files</Filter>
    </ClCompile>
    <ClCompile Include="libraries\AP_Compass\Compass_learn.cpp">
      <Filter>Source Files</Filter>
    </ClCompile>
    <ClCompile Include="libraries\AP_Curve\AP_Curve.cpp">
      <Filter>Source Files</Filter>
    </ClCompile>
    <ClCompile Include="libraries\AP_Declination\AP_Declination.cpp">
      <Filter>Source Files</Filter>
    </ClCompile>
    <ClCompile Include="libraries\AP_EPM\AP_EPM.cpp">
      <Filter>Source Files</Filter>
    </ClCompile>
    <ClCompile Include="libraries\AP_Frsky_Telem\AP_Frsky_Telem.cpp">
      <Filter>Source Files</Filter>
    </ClCompile>
    <ClCompile Include="libraries\AP_LandingGear\AP_LandingGear.cpp">
      <Filter>Source Files</Filter>
    </ClCompile>
    <ClCompile Include="libraries\AP_Menu\AP_Menu.cpp">
      <Filter>Source Files</Filter>
    </ClCompile>
    <ClCompile Include="libraries\AP_Mission\AP_Mission.cpp">
      <Filter>Source Files</Filter>
    </ClCompile>
    <ClCompile Include="libraries\AP_Mount\AP_Mount.cpp">
      <Filter>Source Files</Filter>
    </ClCompile>
    <ClCompile Include="libraries\AP_NavEKF\AP_NavEKF.cpp">
      <Filter>Source Files</Filter>
    </ClCompile>
    <ClCompile Include="libraries\AP_NavEKF\AP_SmallEKF.cpp">
      <Filter>Source Files</Filter>
    </ClCompile>
    <ClCompile Include="libraries\AP_OpticalFlow\AP_OpticalFlow_HIL.cpp">
      <Filter>Source Files</Filter>
    </ClCompile>
    <ClCompile Include="libraries\AP_OpticalFlow\AP_OpticalFlow_Linux.cpp">
      <Filter>Source Files</Filter>
    </ClCompile>
    <ClCompile Include="libraries\AP_OpticalFlow\AP_OpticalFlow_PX4.cpp">
      <Filter>Source Files</Filter>
    </ClCompile>
    <ClCompile Include="libraries\AP_OpticalFlow\OpticalFlow.cpp">
      <Filter>Source Files</Filter>
    </ClCompile>
    <ClCompile Include="libraries\AP_OpticalFlow\OpticalFlow_backend.cpp">
      <Filter>Source Files</Filter>
    </ClCompile>
    <ClCompile Include="libraries\AP_Parachute\AP_Parachute.cpp">
      <Filter>Source Files</Filter>
    </ClCompile>
    <ClCompile Include="libraries\AP_Progmem\AP_Progmem_AVR.cpp">
      <Filter>Source Files</Filter>
    </ClCompile>
    <ClCompile Include="libraries\AP_Relay\AP_Relay.cpp">
      <Filter>Source Files</Filter>
    </ClCompile>
    <ClCompile Include="libraries\AP_RPM\AP_RPM.cpp">
      <Filter>Source Files</Filter>
    </ClCompile>
    <ClCompile Include="libraries\AP_RPM\RPM_Backend.cpp">
      <Filter>Source Files</Filter>
    </ClCompile>
    <ClCompile Include="libraries\AP_RPM\RPM_PX4_PWM.cpp">
      <Filter>Source Files</Filter>
    </ClCompile>
    <ClCompile Include="libraries\AP_SerialManager\AP_SerialManager.cpp">
      <Filter>Source Files</Filter>
    </ClCompile>
    <ClCompile Include="libraries\AP_ServoRelayEvents\AP_ServoRelayEvents.cpp">
      <Filter>Source Files</Filter>
    </ClCompile>
    <ClCompile Include="libraries\AP_Terrain\AP_Terrain.cpp">
      <Filter>Source Files</Filter>
    </ClCompile>
    <ClCompile Include="libraries\AP_Terrain\TerrainGCS.cpp">
      <Filter>Source Files</Filter>
    </ClCompile>
    <ClCompile Include="libraries\AP_Terrain\TerrainIO.cpp">
      <Filter>Source Files</Filter>
    </ClCompile>
    <ClCompile Include="libraries\AP_Terrain\TerrainMission.cpp">
      <Filter>Source Files</Filter>
    </ClCompile>
    <ClCompile Include="libraries\AP_Terrain\TerrainUtil.cpp">
      <Filter>Source Files</Filter>
    </ClCompile>
    <ClCompile Include="libraries\DataFlash\DataFlash.cpp">
      <Filter>Source Files</Filter>
    </ClCompile>
    <ClCompile Include="libraries\DataFlash\DataFlash_APM1.cpp">
      <Filter>Source Files</Filter>
    </ClCompile>
    <ClCompile Include="libraries\DataFlash\DataFlash_APM2.cpp">
      <Filter>Source Files</Filter>
    </ClCompile>
    <ClCompile Include="libraries\DataFlash\DataFlash_Block.cpp">
      <Filter>Source Files</Filter>
    </ClCompile>
    <ClCompile Include="libraries\DataFlash\DataFlash_Empty.cpp">
      <Filter>Source Files</Filter>
    </ClCompile>
    <ClCompile Include="libraries\DataFlash\DataFlash_File.cpp">
      <Filter>Source Files</Filter>
    </ClCompile>
    <ClCompile Include="libraries\DataFlash\DataFlash_SITL.cpp">
      <Filter>Source Files</Filter>
    </ClCompile>
    <ClCompile Include="libraries\DataFlash\LogFile.cpp">
      <Filter>Source Files</Filter>
    </ClCompile>
    <ClCompile Include="libraries\Filter\DerivativeFilter.cpp">
      <Filter>Source Files</Filter>
    </ClCompile>
    <ClCompile Include="libraries\Filter\LowPassFilter2p.cpp">
      <Filter>Source Files</Filter>
    </ClCompile>
    <ClCompile Include="libraries\GCS_MAVLink\GCS_Common.cpp">
      <Filter>Source Files</Filter>
    </ClCompile>
    <ClCompile Include="libraries\GCS_MAVLink\GCS_Logs.cpp">
      <Filter>Source Files</Filter>
    </ClCompile>
    <ClCompile Include="libraries\GCS_MAVLink\GCS_MAVLink.cpp">
      <Filter>Source Files</Filter>
    </ClCompile>
    <ClCompile Include="libraries\GCS_MAVLink\GCS_serial_control.cpp">
      <Filter>Source Files</Filter>
    </ClCompile>
    <ClCompile Include="libraries\GCS_MAVLink\MAVLink_routing.cpp">
      <Filter>Source Files</Filter>
    </ClCompile>
    <ClCompile Include="libraries\RC_Channel\RC_Channel.cpp">
      <Filter>Source Files</Filter>
    </ClCompile>
    <ClCompile Include="libraries\RC_Channel\RC_Channel_aux.cpp">
      <Filter>Source Files</Filter>
    </ClCompile>
    <ClCompile Include="libraries\SITL\SIM_Aircraft.cpp">
      <Filter>Source Files</Filter>
    </ClCompile>
    <ClCompile Include="libraries\SITL\SIM_Balloon.cpp">
      <Filter>Source Files</Filter>
    </ClCompile>
    <ClCompile Include="libraries\SITL\SIM_CRRCSim.cpp">
      <Filter>Source Files</Filter>
    </ClCompile>
    <ClCompile Include="libraries\SITL\SIM_Gazebo.cpp">
      <Filter>Source Files</Filter>
    </ClCompile>
    <ClCompile Include="libraries\SITL\SIM_Gimbal.cpp">
      <Filter>Source Files</Filter>
    </ClCompile>
    <ClCompile Include="libraries\SITL\SIM_Helicopter.cpp">
      <Filter>Source Files</Filter>
    </ClCompile>
    <ClCompile Include="libraries\SITL\SIM_JSBSim.cpp">
      <Filter>Source Files</Filter>
    </ClCompile>
    <ClCompile Include="libraries\SITL\SIM_last_letter.cpp">
      <Filter>Source Files</Filter>
    </ClCompile>
    <ClCompile Include="libraries\SITL\SIM_Multicopter.cpp">
      <Filter>Source Files</Filter>
    </ClCompile>
    <ClCompile Include="libraries\SITL\SIM_Rover.cpp">
      <Filter>Source Files</Filter>
    </ClCompile>
    <ClCompile Include="libraries\SITL\SIM_Tracker.cpp">
      <Filter>Source Files</Filter>
    </ClCompile>
    <ClCompile Include="libraries\SITL\SITL.cpp">
      <Filter>Source Files</Filter>
    </ClCompile>
    <ClCompile Include="libraries\AC_AttitudeControl\AC_AttitudeControl.cpp">
      <Filter>Source Files</Filter>
    </ClCompile>
    <ClCompile Include="libraries\AC_AttitudeControl\AC_AttitudeControl_Heli.cpp">
      <Filter>Source Files</Filter>
    </ClCompile>
    <ClCompile Include="libraries\AC_AttitudeControl\AC_AttitudeControl_Multi.cpp">
      <Filter>Source Files</Filter>
    </ClCompile>
    <ClCompile Include="libraries\AC_AttitudeControl\AC_PosControl.cpp">
      <Filter>Source Files</Filter>
    </ClCompile>
    <ClCompile Include="libraries\AP_HAL_FLYMAPLE\AnalogIn.cpp">
      <Filter>Source Files</Filter>
    </ClCompile>
    <ClCompile Include="libraries\AP_HAL_FLYMAPLE\AnalogSource.cpp">
      <Filter>Source Files</Filter>
    </ClCompile>
    <ClCompile Include="libraries\AP_HAL_FLYMAPLE\GPIO.cpp">
      <Filter>Source Files</Filter>
    </ClCompile>
    <ClCompile Include="libraries\AP_HAL_FLYMAPLE\HAL_FLYMAPLE_Class.cpp">
      <Filter>Source Files</Filter>
    </ClCompile>
    <ClCompile Include="libraries\AP_HAL_FLYMAPLE\I2CDriver.cpp">
      <Filter>Source Files</Filter>
    </ClCompile>
    <ClCompile Include="libraries\AP_HAL_FLYMAPLE\RCInput.cpp">
      <Filter>Source Files</Filter>
    </ClCompile>
    <ClCompile Include="libraries\AP_HAL_FLYMAPLE\RCOutput.cpp">
      <Filter>Source Files</Filter>
    </ClCompile>
    <ClCompile Include="libraries\AP_HAL_FLYMAPLE\Scheduler.cpp">
      <Filter>Source Files</Filter>
    </ClCompile>
    <ClCompile Include="libraries\AP_HAL_FLYMAPLE\Semaphores.cpp">
      <Filter>Source Files</Filter>
    </ClCompile>
    <ClCompile Include="libraries\AP_HAL_FLYMAPLE\SPIDriver.cpp">
      <Filter>Source Files</Filter>
    </ClCompile>
    <ClCompile Include="libraries\AP_HAL_FLYMAPLE\Storage.cpp">
      <Filter>Source Files</Filter>
    </ClCompile>
    <ClCompile Include="libraries\AP_HAL_FLYMAPLE\UARTDriver.cpp">
      <Filter>Source Files</Filter>
    </ClCompile>
    <ClCompile Include="libraries\AP_HAL_Linux\AnalogIn.cpp">
      <Filter>Source Files</Filter>
    </ClCompile>
    <ClCompile Include="libraries\AP_HAL_Linux\AnalogIn_Navio.cpp">
      <Filter>Source Files</Filter>
    </ClCompile>
    <ClCompile Include="libraries\AP_HAL_Linux\ConsoleDevice.cpp">
      <Filter>Source Files</Filter>
    </ClCompile>
    <ClCompile Include="libraries\AP_HAL_Linux\dsm.cpp">
      <Filter>Source Files</Filter>
    </ClCompile>
    <ClCompile Include="libraries\AP_HAL_Linux\GPIO.cpp">
      <Filter>Source Files</Filter>
    </ClCompile>
    <ClCompile Include="libraries\AP_HAL_Linux\GPIO_BBB.cpp">
      <Filter>Source Files</Filter>
    </ClCompile>
    <ClCompile Include="libraries\AP_HAL_Linux\GPIO_RPI.cpp">
      <Filter>Source Files</Filter>
    </ClCompile>
    <ClCompile Include="libraries\AP_HAL_Linux\HAL_Linux_Class.cpp">
      <Filter>Source Files</Filter>
    </ClCompile>
    <ClCompile Include="libraries\AP_HAL_Linux\I2CDriver.cpp">
      <Filter>Source Files</Filter>
    </ClCompile>
    <ClCompile Include="libraries\AP_HAL_Linux\RCInput.cpp">
      <Filter>Source Files</Filter>
    </ClCompile>
    <ClCompile Include="libraries\AP_HAL_Linux\RCInput_AioPRU.cpp">
      <Filter>Source Files</Filter>
    </ClCompile>
    <ClCompile Include="libraries\AP_HAL_Linux\RCInput_Navio.cpp">
      <Filter>Source Files</Filter>
    </ClCompile>
    <ClCompile Include="libraries\AP_HAL_Linux\RCInput_PRU.cpp">
      <Filter>Source Files</Filter>
    </ClCompile>
    <ClCompile Include="libraries\AP_HAL_Linux\RCInput_ZYNQ.cpp">
      <Filter>Source Files</Filter>
    </ClCompile>
    <ClCompile Include="libraries\AP_HAL_Linux\RCOutput_AioPRU.cpp">
      <Filter>Source Files</Filter>
    </ClCompile>
    <ClCompile Include="libraries\AP_HAL_Linux\RCOutput_Bebop.cpp">
      <Filter>Source Files</Filter>
    </ClCompile>
    <ClCompile Include="libraries\AP_HAL_Linux\RCOutput_Navio.cpp">
      <Filter>Source Files</Filter>
    </ClCompile>
    <ClCompile Include="libraries\AP_HAL_Linux\RCOutput_PRU.cpp">
      <Filter>Source Files</Filter>
    </ClCompile>
    <ClCompile Include="libraries\AP_HAL_Linux\RCOutput_ZYNQ.cpp">
      <Filter>Source Files</Filter>
    </ClCompile>
    <ClCompile Include="libraries\AP_HAL_Linux\sbus.cpp">
      <Filter>Source Files</Filter>
    </ClCompile>
    <ClCompile Include="libraries\AP_HAL_Linux\Scheduler.cpp">
      <Filter>Source Files</Filter>
    </ClCompile>
    <ClCompile Include="libraries\AP_HAL_Linux\Semaphores.cpp">
      <Filter>Source Files</Filter>
    </ClCompile>
    <ClCompile Include="libraries\AP_HAL_Linux\SPIDriver.cpp">
      <Filter>Source Files</Filter>
    </ClCompile>
    <ClCompile Include="libraries\AP_HAL_Linux\SPIUARTDriver.cpp">
      <Filter>Source Files</Filter>
    </ClCompile>
    <ClCompile Include="libraries\AP_HAL_Linux\Storage.cpp">
      <Filter>Source Files</Filter>
    </ClCompile>
    <ClCompile Include="libraries\AP_HAL_Linux\Storage_FRAM.cpp">
      <Filter>Source Files</Filter>
    </ClCompile>
    <ClCompile Include="libraries\AP_HAL_Linux\TCPServerDevice.cpp">
      <Filter>Source Files</Filter>
    </ClCompile>
    <ClCompile Include="libraries\AP_HAL_Linux\ToneAlarmDriver.cpp">
      <Filter>Source Files</Filter>
    </ClCompile>
    <ClCompile Include="libraries\AP_HAL_Linux\UARTDevice.cpp">
      <Filter>Source Files</Filter>
    </ClCompile>
    <ClCompile Include="libraries\AP_HAL_Linux\UARTDriver.cpp">
      <Filter>Source Files</Filter>
    </ClCompile>
    <ClCompile Include="libraries\AP_HAL_Linux\UDPDevice.cpp">
      <Filter>Source Files</Filter>
    </ClCompile>
    <ClCompile Include="libraries\AP_HAL_Linux\Util.cpp">
      <Filter>Source Files</Filter>
    </ClCompile>
    <ClCompile Include="libraries\AP_HAL_PX4\AnalogIn.cpp">
      <Filter>Source Files</Filter>
    </ClCompile>
    <ClCompile Include="libraries\AP_HAL_PX4\GPIO.cpp">
      <Filter>Source Files</Filter>
    </ClCompile>
    <ClCompile Include="libraries\AP_HAL_PX4\HAL_PX4_Class.cpp">
      <Filter>Source Files</Filter>
    </ClCompile>
    <ClCompile Include="libraries\AP_HAL_PX4\NSHShellStream.cpp">
      <Filter>Source Files</Filter>
    </ClCompile>
    <ClCompile Include="libraries\AP_HAL_PX4\px4_param.cpp">
      <Filter>Source Files</Filter>
    </ClCompile>
    <ClCompile Include="libraries\AP_HAL_PX4\RCInput.cpp">
      <Filter>Source Files</Filter>
    </ClCompile>
    <ClCompile Include="libraries\AP_HAL_PX4\RCOutput.cpp">
      <Filter>Source Files</Filter>
    </ClCompile>
    <ClCompile Include="libraries\AP_HAL_PX4\Scheduler.cpp">
      <Filter>Source Files</Filter>
    </ClCompile>
    <ClCompile Include="libraries\AP_HAL_PX4\Storage.cpp">
      <Filter>Source Files</Filter>
    </ClCompile>
    <ClCompile Include="libraries\AP_HAL_PX4\UARTDriver.cpp">
      <Filter>Source Files</Filter>
    </ClCompile>
    <ClCompile Include="libraries\AP_HAL_PX4\Util.cpp">
      <Filter>Source Files</Filter>
    </ClCompile>
    <ClCompile Include="libraries\AP_HAL_SITL\AnalogIn.cpp">
      <Filter>Source Files</Filter>
    </ClCompile>
    <ClCompile Include="libraries\AP_HAL_SITL\HAL_SITL_Class.cpp">
      <Filter>Source Files</Filter>
    </ClCompile>
    <ClCompile Include="libraries\AP_HAL_SITL\RCInput.cpp">
      <Filter>Source Files</Filter>
    </ClCompile>
    <ClCompile Include="libraries\AP_HAL_SITL\RCOutput.cpp">
      <Filter>Source Files</Filter>
    </ClCompile>
    <ClCompile Include="libraries\AP_HAL_SITL\Scheduler.cpp">
      <Filter>Source Files</Filter>
    </ClCompile>
    <ClCompile Include="libraries\AP_HAL_SITL\sitl_barometer.cpp">
      <Filter>Source Files</Filter>
    </ClCompile>
    <ClCompile Include="libraries\AP_HAL_SITL\SITL_cmdline.cpp">
      <Filter>Source Files</Filter>
    </ClCompile>
    <ClCompile Include="libraries\AP_HAL_SITL\sitl_compass.cpp">
      <Filter>Source Files</Filter>
    </ClCompile>
    <ClCompile Include="libraries\AP_HAL_SITL\sitl_gps.cpp">
      <Filter>Source Files</Filter>
    </ClCompile>
    <ClCompile Include="libraries\AP_HAL_SITL\sitl_ins.cpp">
      <Filter>Source Files</Filter>
    </ClCompile>
    <ClCompile Include="libraries\AP_HAL_SITL\sitl_optical_flow.cpp">
      <Filter>Source Files</Filter>
    </ClCompile>
    <ClCompile Include="libraries\AP_HAL_SITL\SITL_State.cpp">
      <Filter>Source Files</Filter>
    </ClCompile>
    <ClCompile Include="libraries\AP_HAL_SITL\Storage.cpp">
      <Filter>Source Files</Filter>
    </ClCompile>
    <ClCompile Include="libraries\AP_HAL_SITL\UARTDriver.cpp">
      <Filter>Source Files</Filter>
    </ClCompile>
    <ClCompile Include="libraries\AP_HAL_VRBRAIN\AnalogIn.cpp">
      <Filter>Source Files</Filter>
    </ClCompile>
    <ClCompile Include="libraries\AP_HAL_VRBRAIN\GPIO.cpp">
      <Filter>Source Files</Filter>
    </ClCompile>
    <ClCompile Include="libraries\AP_HAL_VRBRAIN\HAL_VRBRAIN_Class.cpp">
      <Filter>Source Files</Filter>
    </ClCompile>
    <ClCompile Include="libraries\AP_HAL_VRBRAIN\RCInput.cpp">
      <Filter>Source Files</Filter>
    </ClCompile>
    <ClCompile Include="libraries\AP_HAL_VRBRAIN\RCOutput.cpp">
      <Filter>Source Files</Filter>
    </ClCompile>
    <ClCompile Include="libraries\AP_HAL_VRBRAIN\Scheduler.cpp">
      <Filter>Source Files</Filter>
    </ClCompile>
    <ClCompile Include="libraries\AP_HAL_VRBRAIN\Storage.cpp">
      <Filter>Source Files</Filter>
    </ClCompile>
    <ClCompile Include="libraries\AP_HAL_VRBRAIN\UARTDriver.cpp">
      <Filter>Source Files</Filter>
    </ClCompile>
    <ClCompile Include="libraries\AP_HAL_VRBRAIN\Util.cpp">
      <Filter>Source Files</Filter>
    </ClCompile>
    <ClCompile Include="libraries\AP_HAL_Empty\AnalogIn.cpp">
      <Filter>Source Files</Filter>
    </ClCompile>
    <ClCompile Include="libraries\AP_HAL_Empty\GPIO.cpp">
      <Filter>Source Files</Filter>
    </ClCompile>
    <ClCompile Include="libraries\AP_HAL_Empty\HAL_Empty_Class.cpp">
      <Filter>Source Files</Filter>
    </ClCompile>
    <ClCompile Include="libraries\AP_HAL_Empty\I2CDriver.cpp">
      <Filter>Source Files</Filter>
    </ClCompile>
    <ClCompile Include="libraries\AP_HAL_Empty\PrivateMember.cpp">
      <Filter>Source Files</Filter>
    </ClCompile>
    <ClCompile Include="libraries\AP_HAL_Empty\RCInput.cpp">
      <Filter>Source Files</Filter>
    </ClCompile>
    <ClCompile Include="libraries\AP_HAL_Empty\RCOutput.cpp">
      <Filter>Source Files</Filter>
    </ClCompile>
    <ClCompile Include="libraries\AP_HAL_Empty\Scheduler.cpp">
      <Filter>Source Files</Filter>
    </ClCompile>
    <ClCompile Include="libraries\AP_HAL_Empty\Semaphores.cpp">
      <Filter>Source Files</Filter>
    </ClCompile>
    <ClCompile Include="libraries\AP_HAL_Empty\SPIDriver.cpp">
      <Filter>Source Files</Filter>
    </ClCompile>
    <ClCompile Include="libraries\AP_HAL_Empty\Storage.cpp">
      <Filter>Source Files</Filter>
    </ClCompile>
    <ClCompile Include="libraries\AP_HAL_Empty\UARTDriver.cpp">
      <Filter>Source Files</Filter>
    </ClCompile>
    <ClCompile Include="libraries\AP_Mount\AP_Gimbal.cpp">
      <Filter>Source Files</Filter>
    </ClCompile>
    <ClCompile Include="libraries\AP_Mount\AP_Mount_Alexmos.cpp">
      <Filter>Source Files</Filter>
    </ClCompile>
    <ClCompile Include="libraries\AP_Mount\AP_Mount_Backend.cpp">
      <Filter>Source Files</Filter>
    </ClCompile>
    <ClCompile Include="libraries\AP_Mount\AP_Mount_MAVLink.cpp">
      <Filter>Source Files</Filter>
    </ClCompile>
    <ClCompile Include="libraries\AP_Mount\AP_Mount_Servo.cpp">
      <Filter>Source Files</Filter>
    </ClCompile>
    <ClCompile Include="libraries\AP_Mount\AP_Mount_SToRM32.cpp">
      <Filter>Source Files</Filter>
    </ClCompile>
    <ClCompile Include="libraries\AP_Mount\AP_Mount_SToRM32_serial.cpp">
      <Filter>Source Files</Filter>
    </ClCompile>
  </ItemGroup>
  <ItemGroup>
    <Text Include="ArduCopter\readme.txt" />
    <Text Include="ArduCopter\ReleaseNotes.txt" />
    <Text Include="libraries\AC_WPNav\keywords.txt" />
    <Text Include="libraries\AC_PID\keywords.txt" />
    <Text Include="libraries\AC_Fence\keywords.txt" />
    <Text Include="libraries\AP_Common\keywords.txt" />
    <Text Include="libraries\AP_Math\keywords.txt" />
    <Text Include="libraries\AP_ADC\keywords.txt" />
    <Text Include="libraries\AP_Compass\keywords.txt" />
    <Text Include="libraries\AP_OpticalFlow\keywords.txt" />
    <Text Include="libraries\Filter\keywords.txt" />
    <Text Include="libraries\AP_HAL_FLYMAPLE\FlymaplePortingNotes.txt" />
  </ItemGroup>
</Project>